// !$*UTF8*$!
{
	archiveVersion = 1;
	classes = {
	};
	objectVersion = 46;
	objects = {

/* Begin PBXBuildFile section */
		92F5F9F81E84134600078085 /* SLTabBarController.m in Sources */ = {isa = PBXBuildFile; fileRef = 92F5F9F71E84134600078085 /* SLTabBarController.m */; };
		92F5F9FC1E84188100078085 /* SLTestViewController.m in Sources */ = {isa = PBXBuildFile; fileRef = 92F5F9FB1E84188100078085 /* SLTestViewController.m */; };
		92FD942D1E84027D00AFA363 /* main.m in Sources */ = {isa = PBXBuildFile; fileRef = 92FD942C1E84027D00AFA363 /* main.m */; };
		92FD94301E84027D00AFA363 /* AppDelegate.m in Sources */ = {isa = PBXBuildFile; fileRef = 92FD942F1E84027D00AFA363 /* AppDelegate.m */; };
		92FD94381E84027D00AFA363 /* Assets.xcassets in Resources */ = {isa = PBXBuildFile; fileRef = 92FD94371E84027D00AFA363 /* Assets.xcassets */; };
		92FD94461E84027D00AFA363 /* _____Tests.m in Sources */ = {isa = PBXBuildFile; fileRef = 92FD94451E84027D00AFA363 /* _____Tests.m */; };
		92FD94511E84027D00AFA363 /* _____UITests.m in Sources */ = {isa = PBXBuildFile; fileRef = 92FD94501E84027D00AFA363 /* _____UITests.m */; };
/* End PBXBuildFile section */

/* Begin PBXContainerItemProxy section */
		92FD94421E84027D00AFA363 /* PBXContainerItemProxy */ = {
			isa = PBXContainerItemProxy;
			containerPortal = 92FD94201E84027D00AFA363 /* Project object */;
			proxyType = 1;
			remoteGlobalIDString = 92FD94271E84027D00AFA363;
			remoteInfo = "百思不得姐";
		};
		92FD944D1E84027D00AFA363 /* PBXContainerItemProxy */ = {
			isa = PBXContainerItemProxy;
			containerPortal = 92FD94201E84027D00AFA363 /* Project object */;
			proxyType = 1;
			remoteGlobalIDString = 92FD94271E84027D00AFA363;
			remoteInfo = "百思不得姐";
		};
/* End PBXContainerItemProxy section */

/* Begin PBXFileReference section */
		92F5F9F61E84134600078085 /* SLTabBarController.h */ = {isa = PBXFileReference; fileEncoding = 4; lastKnownFileType = sourcecode.c.h; path = SLTabBarController.h; sourceTree = "<group>"; };
		92F5F9F71E84134600078085 /* SLTabBarController.m */ = {isa = PBXFileReference; fileEncoding = 4; lastKnownFileType = sourcecode.c.objc; path = SLTabBarController.m; sourceTree = "<group>"; };
		92F5F9F91E84149500078085 /* PrefixHeader.pch */ = {isa = PBXFileReference; fileEncoding = 4; lastKnownFileType = sourcecode.c.h; path = PrefixHeader.pch; sourceTree = "<group>"; };
		92F5F9FA1E84188100078085 /* SLTestViewController.h */ = {isa = PBXFileReference; fileEncoding = 4; lastKnownFileType = sourcecode.c.h; path = SLTestViewController.h; sourceTree = "<group>"; };
		92F5F9FB1E84188100078085 /* SLTestViewController.m */ = {isa = PBXFileReference; fileEncoding = 4; lastKnownFileType = sourcecode.c.objc; path = SLTestViewController.m; sourceTree = "<group>"; };
		92FD94281E84027D00AFA363 /* 百思不得姐.app */ = {isa = PBXFileReference; explicitFileType = wrapper.application; includeInIndex = 0; path = "百思不得姐.app"; sourceTree = BUILT_PRODUCTS_DIR; };
		92FD942C1E84027D00AFA363 /* main.m */ = {isa = PBXFileReference; lastKnownFileType = sourcecode.c.objc; path = main.m; sourceTree = "<group>"; };
		92FD942E1E84027D00AFA363 /* AppDelegate.h */ = {isa = PBXFileReference; lastKnownFileType = sourcecode.c.h; path = AppDelegate.h; sourceTree = "<group>"; };
		92FD942F1E84027D00AFA363 /* AppDelegate.m */ = {isa = PBXFileReference; lastKnownFileType = sourcecode.c.objc; path = AppDelegate.m; sourceTree = "<group>"; };
		92FD94371E84027D00AFA363 /* Assets.xcassets */ = {isa = PBXFileReference; lastKnownFileType = folder.assetcatalog; path = Assets.xcassets; sourceTree = "<group>"; };
		92FD943C1E84027D00AFA363 /* Info.plist */ = {isa = PBXFileReference; lastKnownFileType = text.plist.xml; path = Info.plist; sourceTree = "<group>"; };
		92FD94411E84027D00AFA363 /* 百思不得姐Tests.xctest */ = {isa = PBXFileReference; explicitFileType = wrapper.cfbundle; includeInIndex = 0; path = "百思不得姐Tests.xctest"; sourceTree = BUILT_PRODUCTS_DIR; };
		92FD94451E84027D00AFA363 /* _____Tests.m */ = {isa = PBXFileReference; lastKnownFileType = sourcecode.c.objc; path = "_____Tests.m"; sourceTree = "<group>"; };
		92FD94471E84027D00AFA363 /* Info.plist */ = {isa = PBXFileReference; lastKnownFileType = text.plist.xml; path = Info.plist; sourceTree = "<group>"; };
		92FD944C1E84027D00AFA363 /* 百思不得姐UITests.xctest */ = {isa = PBXFileReference; explicitFileType = wrapper.cfbundle; includeInIndex = 0; path = "百思不得姐UITests.xctest"; sourceTree = BUILT_PRODUCTS_DIR; };
		92FD94501E84027D00AFA363 /* _____UITests.m */ = {isa = PBXFileReference; lastKnownFileType = sourcecode.c.objc; path = "_____UITests.m"; sourceTree = "<group>"; };
		92FD94521E84027D00AFA363 /* Info.plist */ = {isa = PBXFileReference; lastKnownFileType = text.plist.xml; path = Info.plist; sourceTree = "<group>"; };
/* End PBXFileReference section */

/* Begin PBXFrameworksBuildPhase section */
		92FD94251E84027D00AFA363 /* Frameworks */ = {
			isa = PBXFrameworksBuildPhase;
			buildActionMask = 2147483647;
			files = (
			);
			runOnlyForDeploymentPostprocessing = 0;
		};
		92FD943E1E84027D00AFA363 /* Frameworks */ = {
			isa = PBXFrameworksBuildPhase;
			buildActionMask = 2147483647;
			files = (
			);
			runOnlyForDeploymentPostprocessing = 0;
		};
		92FD94491E84027D00AFA363 /* Frameworks */ = {
			isa = PBXFrameworksBuildPhase;
			buildActionMask = 2147483647;
			files = (
			);
			runOnlyForDeploymentPostprocessing = 0;
		};
/* End PBXFrameworksBuildPhase section */

/* Begin PBXGroup section */
		92F5F9F51E84119900078085 /* Classes */ = {
			isa = PBXGroup;
			children = (
				92FD942E1E84027D00AFA363 /* AppDelegate.h */,
				92FD942F1E84027D00AFA363 /* AppDelegate.m */,
				92F5F9F61E84134600078085 /* SLTabBarController.h */,
				92F5F9F71E84134600078085 /* SLTabBarController.m */,
				92F5F9FA1E84188100078085 /* SLTestViewController.h */,
				92F5F9FB1E84188100078085 /* SLTestViewController.m */,
				92F5F9F91E84149500078085 /* PrefixHeader.pch */,
			);
			path = Classes;
			sourceTree = "<group>";
		};
		92FD941F1E84027D00AFA363 = {
			isa = PBXGroup;
			children = (
				92FD942A1E84027D00AFA363 /* 百思不得姐 */,
				92FD94441E84027D00AFA363 /* 百思不得姐Tests */,
				92FD944F1E84027D00AFA363 /* 百思不得姐UITests */,
				92FD94291E84027D00AFA363 /* Products */,
			);
			sourceTree = "<group>";
		};
		92FD94291E84027D00AFA363 /* Products */ = {
			isa = PBXGroup;
			children = (
				92FD94281E84027D00AFA363 /* 百思不得姐.app */,
				92FD94411E84027D00AFA363 /* 百思不得姐Tests.xctest */,
				92FD944C1E84027D00AFA363 /* 百思不得姐UITests.xctest */,
			);
			name = Products;
			sourceTree = "<group>";
		};
		92FD942A1E84027D00AFA363 /* 百思不得姐 */ = {
			isa = PBXGroup;
			children = (
				92F5F9F51E84119900078085 /* Classes */,
				92FD942B1E84027D00AFA363 /* Supporting Files */,
			);
			path = "百思不得姐";
			sourceTree = "<group>";
		};
		92FD942B1E84027D00AFA363 /* Supporting Files */ = {
			isa = PBXGroup;
			children = (
				92FD94371E84027D00AFA363 /* Assets.xcassets */,
				92FD943C1E84027D00AFA363 /* Info.plist */,
				92FD942C1E84027D00AFA363 /* main.m */,
			);
			name = "Supporting Files";
			sourceTree = "<group>";
		};
		92FD94441E84027D00AFA363 /* 百思不得姐Tests */ = {
			isa = PBXGroup;
			children = (
				92FD94451E84027D00AFA363 /* _____Tests.m */,
				92FD94471E84027D00AFA363 /* Info.plist */,
			);
			path = "百思不得姐Tests";
			sourceTree = "<group>";
		};
		92FD944F1E84027D00AFA363 /* 百思不得姐UITests */ = {
			isa = PBXGroup;
			children = (
				92FD94501E84027D00AFA363 /* _____UITests.m */,
				92FD94521E84027D00AFA363 /* Info.plist */,
			);
			path = "百思不得姐UITests";
			sourceTree = "<group>";
		};
/* End PBXGroup section */

/* Begin PBXNativeTarget section */
		92FD94271E84027D00AFA363 /* 百思不得姐 */ = {
			isa = PBXNativeTarget;
			buildConfigurationList = 92FD94551E84027D00AFA363 /* Build configuration list for PBXNativeTarget "百思不得姐" */;
			buildPhases = (
				92FD94241E84027D00AFA363 /* Sources */,
				92FD94251E84027D00AFA363 /* Frameworks */,
				92FD94261E84027D00AFA363 /* Resources */,
			);
			buildRules = (
			);
			dependencies = (
			);
			name = "百思不得姐";
			productName = "百思不得姐";
			productReference = 92FD94281E84027D00AFA363 /* 百思不得姐.app */;
			productType = "com.apple.product-type.application";
		};
		92FD94401E84027D00AFA363 /* 百思不得姐Tests */ = {
			isa = PBXNativeTarget;
			buildConfigurationList = 92FD94581E84027D00AFA363 /* Build configuration list for PBXNativeTarget "百思不得姐Tests" */;
			buildPhases = (
				92FD943D1E84027D00AFA363 /* Sources */,
				92FD943E1E84027D00AFA363 /* Frameworks */,
				92FD943F1E84027D00AFA363 /* Resources */,
			);
			buildRules = (
			);
			dependencies = (
				92FD94431E84027D00AFA363 /* PBXTargetDependency */,
			);
			name = "百思不得姐Tests";
			productName = "百思不得姐Tests";
			productReference = 92FD94411E84027D00AFA363 /* 百思不得姐Tests.xctest */;
			productType = "com.apple.product-type.bundle.unit-test";
		};
		92FD944B1E84027D00AFA363 /* 百思不得姐UITests */ = {
			isa = PBXNativeTarget;
			buildConfigurationList = 92FD945B1E84027D00AFA363 /* Build configuration list for PBXNativeTarget "百思不得姐UITests" */;
			buildPhases = (
				92FD94481E84027D00AFA363 /* Sources */,
				92FD94491E84027D00AFA363 /* Frameworks */,
				92FD944A1E84027D00AFA363 /* Resources */,
			);
			buildRules = (
			);
			dependencies = (
				92FD944E1E84027D00AFA363 /* PBXTargetDependency */,
			);
			name = "百思不得姐UITests";
			productName = "百思不得姐UITests";
			productReference = 92FD944C1E84027D00AFA363 /* 百思不得姐UITests.xctest */;
			productType = "com.apple.product-type.bundle.ui-testing";
		};
/* End PBXNativeTarget section */

/* Begin PBXProject section */
		92FD94201E84027D00AFA363 /* Project object */ = {
			isa = PBXProject;
			attributes = {
				LastUpgradeCheck = 0730;
				ORGANIZATIONNAME = SLZeng;
				TargetAttributes = {
					92FD94271E84027D00AFA363 = {
						CreatedOnToolsVersion = 7.3.1;
					};
					92FD94401E84027D00AFA363 = {
						CreatedOnToolsVersion = 7.3.1;
						TestTargetID = 92FD94271E84027D00AFA363;
					};
					92FD944B1E84027D00AFA363 = {
						CreatedOnToolsVersion = 7.3.1;
						TestTargetID = 92FD94271E84027D00AFA363;
					};
				};
			};
			buildConfigurationList = 92FD94231E84027D00AFA363 /* Build configuration list for PBXProject "百思不得姐" */;
			compatibilityVersion = "Xcode 3.2";
			developmentRegion = English;
			hasScannedForEncodings = 0;
			knownRegions = (
				en,
				Base,
			);
			mainGroup = 92FD941F1E84027D00AFA363;
			productRefGroup = 92FD94291E84027D00AFA363 /* Products */;
			projectDirPath = "";
			projectRoot = "";
			targets = (
				92FD94271E84027D00AFA363 /* 百思不得姐 */,
				92FD94401E84027D00AFA363 /* 百思不得姐Tests */,
				92FD944B1E84027D00AFA363 /* 百思不得姐UITests */,
			);
		};
/* End PBXProject section */

/* Begin PBXResourcesBuildPhase section */
		92FD94261E84027D00AFA363 /* Resources */ = {
			isa = PBXResourcesBuildPhase;
			buildActionMask = 2147483647;
			files = (
				92FD94381E84027D00AFA363 /* Assets.xcassets in Resources */,
			);
			runOnlyForDeploymentPostprocessing = 0;
		};
		92FD943F1E84027D00AFA363 /* Resources */ = {
			isa = PBXResourcesBuildPhase;
			buildActionMask = 2147483647;
			files = (
			);
			runOnlyForDeploymentPostprocessing = 0;
		};
		92FD944A1E84027D00AFA363 /* Resources */ = {
			isa = PBXResourcesBuildPhase;
			buildActionMask = 2147483647;
			files = (
			);
			runOnlyForDeploymentPostprocessing = 0;
		};
/* End PBXResourcesBuildPhase section */

/* Begin PBXSourcesBuildPhase section */
		92FD94241E84027D00AFA363 /* Sources */ = {
			isa = PBXSourcesBuildPhase;
			buildActionMask = 2147483647;
			files = (
				92FD94301E84027D00AFA363 /* AppDelegate.m in Sources */,
				92F5F9F81E84134600078085 /* SLTabBarController.m in Sources */,
				92FD942D1E84027D00AFA363 /* main.m in Sources */,
				92F5F9FC1E84188100078085 /* SLTestViewController.m in Sources */,
			);
			runOnlyForDeploymentPostprocessing = 0;
		};
		92FD943D1E84027D00AFA363 /* Sources */ = {
			isa = PBXSourcesBuildPhase;
			buildActionMask = 2147483647;
			files = (
				92FD94461E84027D00AFA363 /* _____Tests.m in Sources */,
			);
			runOnlyForDeploymentPostprocessing = 0;
		};
		92FD94481E84027D00AFA363 /* Sources */ = {
			isa = PBXSourcesBuildPhase;
			buildActionMask = 2147483647;
			files = (
				92FD94511E84027D00AFA363 /* _____UITests.m in Sources */,
			);
			runOnlyForDeploymentPostprocessing = 0;
		};
/* End PBXSourcesBuildPhase section */

/* Begin PBXTargetDependency section */
		92FD94431E84027D00AFA363 /* PBXTargetDependency */ = {
			isa = PBXTargetDependency;
			target = 92FD94271E84027D00AFA363 /* 百思不得姐 */;
			targetProxy = 92FD94421E84027D00AFA363 /* PBXContainerItemProxy */;
		};
		92FD944E1E84027D00AFA363 /* PBXTargetDependency */ = {
			isa = PBXTargetDependency;
			target = 92FD94271E84027D00AFA363 /* 百思不得姐 */;
			targetProxy = 92FD944D1E84027D00AFA363 /* PBXContainerItemProxy */;
		};
/* End PBXTargetDependency section */

/* Begin XCBuildConfiguration section */
		92FD94531E84027D00AFA363 /* Debug */ = {
			isa = XCBuildConfiguration;
			buildSettings = {
				ALWAYS_SEARCH_USER_PATHS = NO;
				CLANG_ANALYZER_NONNULL = YES;
				CLANG_CXX_LANGUAGE_STANDARD = "gnu++0x";
				CLANG_CXX_LIBRARY = "libc++";
				CLANG_ENABLE_MODULES = YES;
				CLANG_ENABLE_OBJC_ARC = YES;
				CLANG_WARN_BOOL_CONVERSION = YES;
				CLANG_WARN_CONSTANT_CONVERSION = YES;
				CLANG_WARN_DIRECT_OBJC_ISA_USAGE = YES_ERROR;
				CLANG_WARN_EMPTY_BODY = YES;
				CLANG_WARN_ENUM_CONVERSION = YES;
				CLANG_WARN_INT_CONVERSION = YES;
				CLANG_WARN_OBJC_ROOT_CLASS = YES_ERROR;
				CLANG_WARN_UNREACHABLE_CODE = YES;
				CLANG_WARN__DUPLICATE_METHOD_MATCH = YES;
				"CODE_SIGN_IDENTITY[sdk=iphoneos*]" = "iPhone Developer";
				COPY_PHASE_STRIP = NO;
				DEBUG_INFORMATION_FORMAT = dwarf;
				ENABLE_STRICT_OBJC_MSGSEND = YES;
				ENABLE_TESTABILITY = YES;
				GCC_C_LANGUAGE_STANDARD = gnu99;
				GCC_DYNAMIC_NO_PIC = NO;
				GCC_NO_COMMON_BLOCKS = YES;
				GCC_OPTIMIZATION_LEVEL = 0;
				GCC_PRECOMPILE_PREFIX_HEADER = NO;
				GCC_PREPROCESSOR_DEFINITIONS = (
					"DEBUG=1",
					"$(inherited)",
				);
				GCC_WARN_64_TO_32_BIT_CONVERSION = YES;
				GCC_WARN_ABOUT_RETURN_TYPE = YES_ERROR;
				GCC_WARN_UNDECLARED_SELECTOR = YES;
				GCC_WARN_UNINITIALIZED_AUTOS = YES_AGGRESSIVE;
				GCC_WARN_UNUSED_FUNCTION = YES;
				GCC_WARN_UNUSED_VARIABLE = YES;
				IPHONEOS_DEPLOYMENT_TARGET = 9.3;
				MTL_ENABLE_DEBUG_INFO = YES;
				ONLY_ACTIVE_ARCH = YES;
				SDKROOT = iphoneos;
			};
			name = Debug;
		};
		92FD94541E84027D00AFA363 /* Release */ = {
			isa = XCBuildConfiguration;
			buildSettings = {
				ALWAYS_SEARCH_USER_PATHS = NO;
				CLANG_ANALYZER_NONNULL = YES;
				CLANG_CXX_LANGUAGE_STANDARD = "gnu++0x";
				CLANG_CXX_LIBRARY = "libc++";
				CLANG_ENABLE_MODULES = YES;
				CLANG_ENABLE_OBJC_ARC = YES;
				CLANG_WARN_BOOL_CONVERSION = YES;
				CLANG_WARN_CONSTANT_CONVERSION = YES;
				CLANG_WARN_DIRECT_OBJC_ISA_USAGE = YES_ERROR;
				CLANG_WARN_EMPTY_BODY = YES;
				CLANG_WARN_ENUM_CONVERSION = YES;
				CLANG_WARN_INT_CONVERSION = YES;
				CLANG_WARN_OBJC_ROOT_CLASS = YES_ERROR;
				CLANG_WARN_UNREACHABLE_CODE = YES;
				CLANG_WARN__DUPLICATE_METHOD_MATCH = YES;
				"CODE_SIGN_IDENTITY[sdk=iphoneos*]" = "iPhone Developer";
				COPY_PHASE_STRIP = NO;
				DEBUG_INFORMATION_FORMAT = "dwarf-with-dsym";
				ENABLE_NS_ASSERTIONS = NO;
				ENABLE_STRICT_OBJC_MSGSEND = YES;
				GCC_C_LANGUAGE_STANDARD = gnu99;
				GCC_NO_COMMON_BLOCKS = YES;
				GCC_PRECOMPILE_PREFIX_HEADER = NO;
				GCC_WARN_64_TO_32_BIT_CONVERSION = YES;
				GCC_WARN_ABOUT_RETURN_TYPE = YES_ERROR;
				GCC_WARN_UNDECLARED_SELECTOR = YES;
				GCC_WARN_UNINITIALIZED_AUTOS = YES_AGGRESSIVE;
				GCC_WARN_UNUSED_FUNCTION = YES;
				GCC_WARN_UNUSED_VARIABLE = YES;
				IPHONEOS_DEPLOYMENT_TARGET = 9.3;
				MTL_ENABLE_DEBUG_INFO = NO;
				SDKROOT = iphoneos;
				VALIDATE_PRODUCT = YES;
			};
			name = Release;
		};
		92FD94561E84027D00AFA363 /* Debug */ = {
			isa = XCBuildConfiguration;
			buildSettings = {
				ASSETCATALOG_COMPILER_APPICON_NAME = AppIcon;
				ASSETCATALOG_COMPILER_LAUNCHIMAGE_NAME = "Brand Assets";
				GCC_PRECOMPILE_PREFIX_HEADER = YES;
				GCC_PREFIX_HEADER = "百思不得姐/Classes/PrefixHeader.pch";
				INFOPLIST_FILE = "百思不得姐/Info.plist";
				LD_RUNPATH_SEARCH_PATHS = "$(inherited) @executable_path/Frameworks";
				PRODUCT_BUNDLE_IDENTIFIER = "CoderSLZeng.com.github.-----";
				PRODUCT_NAME = "$(TARGET_NAME)";
			};
			name = Debug;
		};
		92FD94571E84027D00AFA363 /* Release */ = {
			isa = XCBuildConfiguration;
			buildSettings = {
				ASSETCATALOG_COMPILER_APPICON_NAME = AppIcon;
				ASSETCATALOG_COMPILER_LAUNCHIMAGE_NAME = "Brand Assets";
				GCC_PRECOMPILE_PREFIX_HEADER = YES;
				GCC_PREFIX_HEADER = "百思不得姐/Classes/PrefixHeader.pch";
				INFOPLIST_FILE = "百思不得姐/Info.plist";
				LD_RUNPATH_SEARCH_PATHS = "$(inherited) @executable_path/Frameworks";
				PRODUCT_BUNDLE_IDENTIFIER = "CoderSLZeng.com.github.-----";
				PRODUCT_NAME = "$(TARGET_NAME)";
			};
			name = Release;
		};
		92FD94591E84027D00AFA363 /* Debug */ = {
			isa = XCBuildConfiguration;
			buildSettings = {
				BUNDLE_LOADER = "$(TEST_HOST)";
				INFOPLIST_FILE = "百思不得姐Tests/Info.plist";
				LD_RUNPATH_SEARCH_PATHS = "$(inherited) @executable_path/Frameworks @loader_path/Frameworks";
				PRODUCT_BUNDLE_IDENTIFIER = "CoderSLZeng.com.github.-----Tests";
				PRODUCT_NAME = "$(TARGET_NAME)";
				TEST_HOST = "$(BUILT_PRODUCTS_DIR)/百思不得姐.app/百思不得姐";
			};
			name = Debug;
		};
		92FD945A1E84027D00AFA363 /* Release */ = {
			isa = XCBuildConfiguration;
			buildSettings = {
				BUNDLE_LOADER = "$(TEST_HOST)";
				INFOPLIST_FILE = "百思不得姐Tests/Info.plist";
				LD_RUNPATH_SEARCH_PATHS = "$(inherited) @executable_path/Frameworks @loader_path/Frameworks";
				PRODUCT_BUNDLE_IDENTIFIER = "CoderSLZeng.com.github.-----Tests";
				PRODUCT_NAME = "$(TARGET_NAME)";
				TEST_HOST = "$(BUILT_PRODUCTS_DIR)/百思不得姐.app/百思不得姐";
			};
			name = Release;
		};
		92FD945C1E84027D00AFA363 /* Debug */ = {
			isa = XCBuildConfiguration;
			buildSettings = {
				INFOPLIST_FILE = "百思不得姐UITests/Info.plist";
				LD_RUNPATH_SEARCH_PATHS = "$(inherited) @executable_path/Frameworks @loader_path/Frameworks";
				PRODUCT_BUNDLE_IDENTIFIER = "CoderSLZeng.com.github.-----UITests";
				PRODUCT_NAME = "$(TARGET_NAME)";
				TEST_TARGET_NAME = "百思不得姐";
			};
			name = Debug;
		};
		92FD945D1E84027D00AFA363 /* Release */ = {
			isa = XCBuildConfiguration;
			buildSettings = {
				INFOPLIST_FILE = "百思不得姐UITests/Info.plist";
				LD_RUNPATH_SEARCH_PATHS = "$(inherited) @executable_path/Frameworks @loader_path/Frameworks";
				PRODUCT_BUNDLE_IDENTIFIER = "CoderSLZeng.com.github.-----UITests";
				PRODUCT_NAME = "$(TARGET_NAME)";
				TEST_TARGET_NAME = "百思不得姐";
			};
			name = Release;
		};
/* End XCBuildConfiguration section */

/* Begin XCConfigurationList section */
		92FD94231E84027D00AFA363 /* Build configuration list for PBXProject "百思不得姐" */ = {
			isa = XCConfigurationList;
			buildConfigurations = (
				92FD94531E84027D00AFA363 /* Debug */,
				92FD94541E84027D00AFA363 /* Release */,
			);
			defaultConfigurationIsVisible = 0;
			defaultConfigurationName = Release;
		};
		92FD94551E84027D00AFA363 /* Build configuration list for PBXNativeTarget "百思不得姐" */ = {
			isa = XCConfigurationList;
			buildConfigurations = (
				92FD94561E84027D00AFA363 /* Debug */,
				92FD94571E84027D00AFA363 /* Release */,
			);
			defaultConfigurationIsVisible = 0;
			defaultConfigurationName = Release;
		};
		92FD94581E84027D00AFA363 /* Build configuration list for PBXNativeTarget "百思不得姐Tests" */ = {
			isa = XCConfigurationList;
			buildConfigurations = (
				92FD94591E84027D00AFA363 /* Debug */,
				92FD945A1E84027D00AFA363 /* Release */,
			);
			defaultConfigurationIsVisible = 0;
			defaultConfigurationName = Release;
		};
		92FD945B1E84027D00AFA363 /* Build configuration list for PBXNativeTarget "百思不得姐UITests" */ = {
			isa = XCConfigurationList;
			buildConfigurations = (
				92FD945C1E84027D00AFA363 /* Debug */,
				92FD945D1E84027D00AFA363 /* Release */,
			);
			defaultConfigurationIsVisible = 0;
			defaultConfigurationName = Release;
		};
/* End XCConfigurationList section */
	};
	rootObject = 92FD94201E84027D00AFA363 /* Project object */;
}
