// !$*UTF8*$!
{
	archiveVersion = 1;
	classes = {
	};
	objectVersion = 46;
	objects = {

/* Begin PBXBuildFile section */
		3B60FF5BE6052B8DEA8C1AB0 /* libPods-百思不得姐UITests.a in Frameworks */ = {isa = PBXBuildFile; fileRef = B6EEBDAB45C163A0FCBA239F /* libPods-百思不得姐UITests.a */; };
		4D7E9DB03BEC1D10031C5CF8 /* libPods-百思不得姐.a in Frameworks */ = {isa = PBXBuildFile; fileRef = C57885D07A160A230047B670 /* libPods-百思不得姐.a */; };
		921E8D5B1E98D5020046421E /* SLNetworkTools.m in Sources */ = {isa = PBXBuildFile; fileRef = 921E8D5A1E98D5020046421E /* SLNetworkTools.m */; };
		9223E3971E95E95D00899A02 /* SLADViewController.m in Sources */ = {isa = PBXBuildFile; fileRef = 9223E3951E95E95D00899A02 /* SLADViewController.m */; };
		9223E3981E95E95D00899A02 /* SLADViewController.xib in Resources */ = {isa = PBXBuildFile; fileRef = 9223E3961E95E95D00899A02 /* SLADViewController.xib */; };
		9223E3A11E95EA4B00899A02 /* LaunchImage-568h@2x.png in Resources */ = {isa = PBXBuildFile; fileRef = 9223E39A1E95EA4B00899A02 /* LaunchImage-568h@2x.png */; };
		9223E3A21E95EA4B00899A02 /* LaunchImage-700-568h@2x.png in Resources */ = {isa = PBXBuildFile; fileRef = 9223E39B1E95EA4B00899A02 /* LaunchImage-700-568h@2x.png */; };
		9223E3A31E95EA4B00899A02 /* LaunchImage-700@2x.png in Resources */ = {isa = PBXBuildFile; fileRef = 9223E39C1E95EA4B00899A02 /* LaunchImage-700@2x.png */; };
		9223E3A41E95EA4B00899A02 /* LaunchImage-800-667h@2x.png in Resources */ = {isa = PBXBuildFile; fileRef = 9223E39D1E95EA4B00899A02 /* LaunchImage-800-667h@2x.png */; };
		9223E3A51E95EA4B00899A02 /* LaunchImage-800-Portrait-736h@3x.png in Resources */ = {isa = PBXBuildFile; fileRef = 9223E39E1E95EA4B00899A02 /* LaunchImage-800-Portrait-736h@3x.png */; };
		9223E3A61E95EA4B00899A02 /* LaunchImage.png in Resources */ = {isa = PBXBuildFile; fileRef = 9223E39F1E95EA4B00899A02 /* LaunchImage.png */; };
		9223E3A71E95EA4B00899A02 /* LaunchImage@2x.png in Resources */ = {isa = PBXBuildFile; fileRef = 9223E3A01E95EA4B00899A02 /* LaunchImage@2x.png */; };
		9223E3AA1E95F1BE00899A02 /* SLADItem.m in Sources */ = {isa = PBXBuildFile; fileRef = 9223E3A91E95F1BE00899A02 /* SLADItem.m */; };
		9237B8E01E8F304300D34801 /* SLSeeBigViewController.m in Sources */ = {isa = PBXBuildFile; fileRef = 9237B8DE1E8F304300D34801 /* SLSeeBigViewController.m */; };
		9237B8E11E8F304300D34801 /* SLSeeBigViewController.xib in Resources */ = {isa = PBXBuildFile; fileRef = 9237B8DF1E8F304300D34801 /* SLSeeBigViewController.xib */; };
		9237B8F11E8F481D00D34801 /* UIImage+SLCircleImage.m in Sources */ = {isa = PBXBuildFile; fileRef = 9237B8EE1E8F481D00D34801 /* UIImage+SLCircleImage.m */; };
		9237B8F21E8F481D00D34801 /* UIImageView+SLCircleImage.m in Sources */ = {isa = PBXBuildFile; fileRef = 9237B8F01E8F481D00D34801 /* UIImageView+SLCircleImage.m */; };
		9237B9011E8F4F2900D34801 /* SLRecommendTagCell.m in Sources */ = {isa = PBXBuildFile; fileRef = 9237B8FF1E8F4F2900D34801 /* SLRecommendTagCell.m */; };
		9237B9021E8F4F2900D34801 /* SLRecommendTagCell.xib in Resources */ = {isa = PBXBuildFile; fileRef = 9237B9001E8F4F2900D34801 /* SLRecommendTagCell.xib */; };
		9237B9051E8F509500D34801 /* SLRecommendTag.m in Sources */ = {isa = PBXBuildFile; fileRef = 9237B9041E8F509500D34801 /* SLRecommendTag.m */; };
		9237B9081E8F509E00D34801 /* SLRecommendTagViewController.m in Sources */ = {isa = PBXBuildFile; fileRef = 9237B9071E8F509E00D34801 /* SLRecommendTagViewController.m */; };
		9237B90C1E8F5DAD00D34801 /* SLCommentViewController.m in Sources */ = {isa = PBXBuildFile; fileRef = 9237B90A1E8F5DAD00D34801 /* SLCommentViewController.m */; };
		9237B90D1E8F5DAD00D34801 /* SLCommentViewController.xib in Resources */ = {isa = PBXBuildFile; fileRef = 9237B90B1E8F5DAD00D34801 /* SLCommentViewController.xib */; };
		924128441E84E58300C5D419 /* SLTabBarController.m in Sources */ = {isa = PBXBuildFile; fileRef = 924128331E84E58300C5D419 /* SLTabBarController.m */; };
		924128461E84E58300C5D419 /* SLTestViewController.m in Sources */ = {isa = PBXBuildFile; fileRef = 9241283E1E84E58300C5D419 /* SLTestViewController.m */; };
		924128471E84E58300C5D419 /* UIView+SLExtension.m in Sources */ = {isa = PBXBuildFile; fileRef = 924128421E84E58300C5D419 /* UIView+SLExtension.m */; };
		9241284E1E84F2A700C5D419 /* SLEssenceViewController.m in Sources */ = {isa = PBXBuildFile; fileRef = 9241284D1E84F2A700C5D419 /* SLEssenceViewController.m */; };
		924128511E84F30400C5D419 /* SLFollowViewController.m in Sources */ = {isa = PBXBuildFile; fileRef = 924128501E84F30400C5D419 /* SLFollowViewController.m */; };
		924128541E84F37B00C5D419 /* SLMeViewController.m in Sources */ = {isa = PBXBuildFile; fileRef = 924128531E84F37B00C5D419 /* SLMeViewController.m */; };
		924128571E84F3E200C5D419 /* SLNewViewController.m in Sources */ = {isa = PBXBuildFile; fileRef = 924128561E84F3E200C5D419 /* SLNewViewController.m */; };
		9241285B1E84F4D400C5D419 /* SLTabBar.m in Sources */ = {isa = PBXBuildFile; fileRef = 9241285A1E84F4D400C5D419 /* SLTabBar.m */; };
		924CA9411E88FA17006DACBA /* UITextField+SLExtension.m in Sources */ = {isa = PBXBuildFile; fileRef = 924CA9401E88FA17006DACBA /* UITextField+SLExtension.m */; };
		92508D851E90E2350077D49A /* SLCommentCell.m in Sources */ = {isa = PBXBuildFile; fileRef = 92508D831E90E2350077D49A /* SLCommentCell.m */; };
		92508D861E90E2350077D49A /* SLCommentCell.xib in Resources */ = {isa = PBXBuildFile; fileRef = 92508D841E90E2350077D49A /* SLCommentCell.xib */; };
		92508D891E90E25F0077D49A /* SLCommentSectionHeader.m in Sources */ = {isa = PBXBuildFile; fileRef = 92508D881E90E25F0077D49A /* SLCommentSectionHeader.m */; };
		928315CF1E8D0270003CB724 /* SLFileTool.m in Sources */ = {isa = PBXBuildFile; fileRef = 928315CE1E8D0270003CB724 /* SLFileTool.m */; };
		928315D21E8D0F4B003CB724 /* SLClearCacheCell.m in Sources */ = {isa = PBXBuildFile; fileRef = 928315D11E8D0F4B003CB724 /* SLClearCacheCell.m */; };
		928315D51E8D4743003CB724 /* SLTitleButton.m in Sources */ = {isa = PBXBuildFile; fileRef = 928315D41E8D4743003CB724 /* SLTitleButton.m */; };
		9283160F1E8D508F003CB724 /* SLAllViewController.m in Sources */ = {isa = PBXBuildFile; fileRef = 928316061E8D508F003CB724 /* SLAllViewController.m */; };
		928316101E8D508F003CB724 /* SLPictureViewController.m in Sources */ = {isa = PBXBuildFile; fileRef = 928316081E8D508F003CB724 /* SLPictureViewController.m */; };
		928316111E8D508F003CB724 /* SLVideoViewController.m in Sources */ = {isa = PBXBuildFile; fileRef = 9283160A1E8D508F003CB724 /* SLVideoViewController.m */; };
		928316121E8D508F003CB724 /* SLVoiceViewController.m in Sources */ = {isa = PBXBuildFile; fileRef = 9283160C1E8D508F003CB724 /* SLVoiceViewController.m */; };
		928316131E8D508F003CB724 /* SLWordViewController.m in Sources */ = {isa = PBXBuildFile; fileRef = 9283160E1E8D508F003CB724 /* SLWordViewController.m */; };
		929A35111E865D87004CCA98 /* SLFollowViewController.xib in Resources */ = {isa = PBXBuildFile; fileRef = 929A35101E865D87004CCA98 /* SLFollowViewController.xib */; };
		929A35151E865E17004CCA98 /* SLLoginRegisterViewController.m in Sources */ = {isa = PBXBuildFile; fileRef = 929A35131E865E17004CCA98 /* SLLoginRegisterViewController.m */; };
		929A35161E865E17004CCA98 /* SLLoginRegisterViewController.xib in Resources */ = {isa = PBXBuildFile; fileRef = 929A35141E865E17004CCA98 /* SLLoginRegisterViewController.xib */; };
		929A35191E866179004CCA98 /* SLQuickLoginButton.m in Sources */ = {isa = PBXBuildFile; fileRef = 929A35181E866179004CCA98 /* SLQuickLoginButton.m */; };
		92AEA8531E850247001E6159 /* UIBarButtonItem+SLExtension.m in Sources */ = {isa = PBXBuildFile; fileRef = 92AEA8521E850247001E6159 /* UIBarButtonItem+SLExtension.m */; };
		92AEA8561E8502B3001E6159 /* SLBaseViewController.m in Sources */ = {isa = PBXBuildFile; fileRef = 92AEA8551E8502B3001E6159 /* SLBaseViewController.m */; };
		92AEA8591E850360001E6159 /* SLRecommendFollowViewController.m in Sources */ = {isa = PBXBuildFile; fileRef = 92AEA8581E850360001E6159 /* SLRecommendFollowViewController.m */; };
		92AEA85C1E8503F7001E6159 /* SLSettingViewController.m in Sources */ = {isa = PBXBuildFile; fileRef = 92AEA85B1E8503F7001E6159 /* SLSettingViewController.m */; };
		92AEA85F1E850567001E6159 /* SLNavigationController.m in Sources */ = {isa = PBXBuildFile; fileRef = 92AEA85E1E850567001E6159 /* SLNavigationController.m */; };
		92AF3A441E8BF78B00D6368A /* SLMeCell.m in Sources */ = {isa = PBXBuildFile; fileRef = 92AF3A431E8BF78B00D6368A /* SLMeCell.m */; };
		92AF3A471E8BF7B600D6368A /* GlobalConst.m in Sources */ = {isa = PBXBuildFile; fileRef = 92AF3A461E8BF7B600D6368A /* GlobalConst.m */; };
		92AF3A4A1E8BF7E500D6368A /* SLMeFooterView.m in Sources */ = {isa = PBXBuildFile; fileRef = 92AF3A491E8BF7E500D6368A /* SLMeFooterView.m */; };
		92AF3A4D1E8BF81E00D6368A /* SLMeSquare.m in Sources */ = {isa = PBXBuildFile; fileRef = 92AF3A4C1E8BF81E00D6368A /* SLMeSquare.m */; };
		92AF3A581E8BFB7D00D6368A /* SLMeSquareButton.m in Sources */ = {isa = PBXBuildFile; fileRef = 92AF3A571E8BFB7D00D6368A /* SLMeSquareButton.m */; };
		92AF3A5C1E8BFC0500D6368A /* SLWebViewController.m in Sources */ = {isa = PBXBuildFile; fileRef = 92AF3A5A1E8BFC0500D6368A /* SLWebViewController.m */; };
		92AF3A5D1E8BFC0500D6368A /* SLWebViewController.xib in Resources */ = {isa = PBXBuildFile; fileRef = 92AF3A5B1E8BFC0500D6368A /* SLWebViewController.xib */; };
		92EB8EA61E87AE3100A2B585 /* SLLoginRegisterTextField.m in Sources */ = {isa = PBXBuildFile; fileRef = 92EB8EA51E87AE3100A2B585 /* SLLoginRegisterTextField.m */; };
		92F3F86C1E8E1F4D0044FFE9 /* SLTopic.m in Sources */ = {isa = PBXBuildFile; fileRef = 92F3F86B1E8E1F4D0044FFE9 /* SLTopic.m */; };
		92F3F86F1E8E1FCE0044FFE9 /* SLRefreshHeader.m in Sources */ = {isa = PBXBuildFile; fileRef = 92F3F86E1E8E1FCE0044FFE9 /* SLRefreshHeader.m */; };
		92F3F8721E8E20FE0044FFE9 /* SLRefreshFooter.m in Sources */ = {isa = PBXBuildFile; fileRef = 92F3F8711E8E20FE0044FFE9 /* SLRefreshFooter.m */; };
		92F647381E8E44190021F3BD /* SLTopicCell.m in Sources */ = {isa = PBXBuildFile; fileRef = 92F647361E8E44190021F3BD /* SLTopicCell.m */; };
		92F647391E8E44190021F3BD /* SLTopicCell.xib in Resources */ = {isa = PBXBuildFile; fileRef = 92F647371E8E44190021F3BD /* SLTopicCell.xib */; };
		92F6473F1E8E59FC0021F3BD /* NSCalendar+SLCurrentCalendar.m in Sources */ = {isa = PBXBuildFile; fileRef = 92F6473E1E8E59FC0021F3BD /* NSCalendar+SLCurrentCalendar.m */; };
		92F647421E8E5A800021F3BD /* NSDate+SLExtension.m in Sources */ = {isa = PBXBuildFile; fileRef = 92F647411E8E5A800021F3BD /* NSDate+SLExtension.m */; };
		92F647451E8E5ED80021F3BD /* SLExtensionConfig.m in Sources */ = {isa = PBXBuildFile; fileRef = 92F647441E8E5ED80021F3BD /* SLExtensionConfig.m */; };
		92F647481E8E5F450021F3BD /* SLComment.m in Sources */ = {isa = PBXBuildFile; fileRef = 92F647471E8E5F450021F3BD /* SLComment.m */; };
		92F6474B1E8E5F590021F3BD /* SLUser.m in Sources */ = {isa = PBXBuildFile; fileRef = 92F6474A1E8E5F590021F3BD /* SLUser.m */; };
		92F6474E1E8E7C910021F3BD /* SLTopicPictureView.m in Sources */ = {isa = PBXBuildFile; fileRef = 92F6474D1E8E7C910021F3BD /* SLTopicPictureView.m */; };
		92F647501E8E7CA10021F3BD /* SLTopicPictureView.xib in Resources */ = {isa = PBXBuildFile; fileRef = 92F6474F1E8E7CA10021F3BD /* SLTopicPictureView.xib */; };
		92F647531E8E839D0021F3BD /* SLTopicVideoView.m in Sources */ = {isa = PBXBuildFile; fileRef = 92F647521E8E839D0021F3BD /* SLTopicVideoView.m */; };
		92F647551E8E84000021F3BD /* SLTopicVideoView.xib in Resources */ = {isa = PBXBuildFile; fileRef = 92F647541E8E84000021F3BD /* SLTopicVideoView.xib */; };
		92F647581E8E84280021F3BD /* SLTopicVoiceView.m in Sources */ = {isa = PBXBuildFile; fileRef = 92F647571E8E84280021F3BD /* SLTopicVoiceView.m */; };
		92F6475A1E8E843C0021F3BD /* SLTopicVoiceView.xib in Resources */ = {isa = PBXBuildFile; fileRef = 92F647591E8E843C0021F3BD /* SLTopicVoiceView.xib */; };
		92F6475D1E8E89E00021F3BD /* SLTopicViewController.m in Sources */ = {isa = PBXBuildFile; fileRef = 92F6475C1E8E89E00021F3BD /* SLTopicViewController.m */; };
		92FBC2BB1E93E0E0005F0BBB /* SLTopWindow.m in Sources */ = {isa = PBXBuildFile; fileRef = 92FBC2BA1E93E0E0005F0BBB /* SLTopWindow.m */; };
		92FD942D1E84027D00AFA363 /* main.m in Sources */ = {isa = PBXBuildFile; fileRef = 92FD942C1E84027D00AFA363 /* main.m */; };
		92FD94301E84027D00AFA363 /* AppDelegate.m in Sources */ = {isa = PBXBuildFile; fileRef = 92FD942F1E84027D00AFA363 /* AppDelegate.m */; };
		92FD94381E84027D00AFA363 /* Assets.xcassets in Resources */ = {isa = PBXBuildFile; fileRef = 92FD94371E84027D00AFA363 /* Assets.xcassets */; };
		92FD94461E84027D00AFA363 /* _____Tests.m in Sources */ = {isa = PBXBuildFile; fileRef = 92FD94451E84027D00AFA363 /* _____Tests.m */; };
		92FD94511E84027D00AFA363 /* _____UITests.m in Sources */ = {isa = PBXBuildFile; fileRef = 92FD94501E84027D00AFA363 /* _____UITests.m */; };
		C17BDF1E47B1ABFAF0577452 /* libPods-百思不得姐Tests.a in Frameworks */ = {isa = PBXBuildFile; fileRef = 79745F7A405814BF24CC4A37 /* libPods-百思不得姐Tests.a */; };
/* End PBXBuildFile section */

/* Begin PBXContainerItemProxy section */
		92FD94421E84027D00AFA363 /* PBXContainerItemProxy */ = {
			isa = PBXContainerItemProxy;
			containerPortal = 92FD94201E84027D00AFA363 /* Project object */;
			proxyType = 1;
			remoteGlobalIDString = 92FD94271E84027D00AFA363;
			remoteInfo = "百思不得姐";
		};
		92FD944D1E84027D00AFA363 /* PBXContainerItemProxy */ = {
			isa = PBXContainerItemProxy;
			containerPortal = 92FD94201E84027D00AFA363 /* Project object */;
			proxyType = 1;
			remoteGlobalIDString = 92FD94271E84027D00AFA363;
			remoteInfo = "百思不得姐";
		};
/* End PBXContainerItemProxy section */

/* Begin PBXFileReference section */
		470EBC3E64F671DE9C983556 /* Pods-百思不得姐Tests.debug.xcconfig */ = {isa = PBXFileReference; includeInIndex = 1; lastKnownFileType = text.xcconfig; name = "Pods-百思不得姐Tests.debug.xcconfig"; path = "Pods/Target Support Files/Pods-百思不得姐Tests/Pods-百思不得姐Tests.debug.xcconfig"; sourceTree = "<group>"; };
		4B27298F31A9ABA260E1C495 /* Pods-百思不得姐UITests.debug.xcconfig */ = {isa = PBXFileReference; includeInIndex = 1; lastKnownFileType = text.xcconfig; name = "Pods-百思不得姐UITests.debug.xcconfig"; path = "Pods/Target Support Files/Pods-百思不得姐UITests/Pods-百思不得姐UITests.debug.xcconfig"; sourceTree = "<group>"; };
		79745F7A405814BF24CC4A37 /* libPods-百思不得姐Tests.a */ = {isa = PBXFileReference; explicitFileType = archive.ar; includeInIndex = 0; path = "libPods-百思不得姐Tests.a"; sourceTree = BUILT_PRODUCTS_DIR; };
		921E8D591E98D5020046421E /* SLNetworkTools.h */ = {isa = PBXFileReference; fileEncoding = 4; lastKnownFileType = sourcecode.c.h; path = SLNetworkTools.h; sourceTree = "<group>"; };
		921E8D5A1E98D5020046421E /* SLNetworkTools.m */ = {isa = PBXFileReference; fileEncoding = 4; lastKnownFileType = sourcecode.c.objc; path = SLNetworkTools.m; sourceTree = "<group>"; };
		9223E3941E95E95D00899A02 /* SLADViewController.h */ = {isa = PBXFileReference; fileEncoding = 4; lastKnownFileType = sourcecode.c.h; path = SLADViewController.h; sourceTree = "<group>"; };
		9223E3951E95E95D00899A02 /* SLADViewController.m */ = {isa = PBXFileReference; fileEncoding = 4; lastKnownFileType = sourcecode.c.objc; path = SLADViewController.m; sourceTree = "<group>"; };
		9223E3961E95E95D00899A02 /* SLADViewController.xib */ = {isa = PBXFileReference; fileEncoding = 4; lastKnownFileType = file.xib; path = SLADViewController.xib; sourceTree = "<group>"; };
		9223E39A1E95EA4B00899A02 /* LaunchImage-568h@2x.png */ = {isa = PBXFileReference; lastKnownFileType = image.png; path = "LaunchImage-568h@2x.png"; sourceTree = "<group>"; };
		9223E39B1E95EA4B00899A02 /* LaunchImage-700-568h@2x.png */ = {isa = PBXFileReference; lastKnownFileType = image.png; path = "LaunchImage-700-568h@2x.png"; sourceTree = "<group>"; };
		9223E39C1E95EA4B00899A02 /* LaunchImage-700@2x.png */ = {isa = PBXFileReference; lastKnownFileType = image.png; path = "LaunchImage-700@2x.png"; sourceTree = "<group>"; };
		9223E39D1E95EA4B00899A02 /* LaunchImage-800-667h@2x.png */ = {isa = PBXFileReference; lastKnownFileType = image.png; path = "LaunchImage-800-667h@2x.png"; sourceTree = "<group>"; };
		9223E39E1E95EA4B00899A02 /* LaunchImage-800-Portrait-736h@3x.png */ = {isa = PBXFileReference; lastKnownFileType = image.png; path = "LaunchImage-800-Portrait-736h@3x.png"; sourceTree = "<group>"; };
		9223E39F1E95EA4B00899A02 /* LaunchImage.png */ = {isa = PBXFileReference; lastKnownFileType = image.png; path = LaunchImage.png; sourceTree = "<group>"; };
		9223E3A01E95EA4B00899A02 /* LaunchImage@2x.png */ = {isa = PBXFileReference; lastKnownFileType = image.png; path = "LaunchImage@2x.png"; sourceTree = "<group>"; };
		9223E3A81E95F1BE00899A02 /* SLADItem.h */ = {isa = PBXFileReference; fileEncoding = 4; lastKnownFileType = sourcecode.c.h; path = SLADItem.h; sourceTree = "<group>"; };
		9223E3A91E95F1BE00899A02 /* SLADItem.m */ = {isa = PBXFileReference; fileEncoding = 4; lastKnownFileType = sourcecode.c.objc; path = SLADItem.m; sourceTree = "<group>"; };
		9237B8DD1E8F304300D34801 /* SLSeeBigViewController.h */ = {isa = PBXFileReference; fileEncoding = 4; lastKnownFileType = sourcecode.c.h; path = SLSeeBigViewController.h; sourceTree = "<group>"; };
		9237B8DE1E8F304300D34801 /* SLSeeBigViewController.m */ = {isa = PBXFileReference; fileEncoding = 4; lastKnownFileType = sourcecode.c.objc; path = SLSeeBigViewController.m; sourceTree = "<group>"; };
		9237B8DF1E8F304300D34801 /* SLSeeBigViewController.xib */ = {isa = PBXFileReference; fileEncoding = 4; lastKnownFileType = file.xib; path = SLSeeBigViewController.xib; sourceTree = "<group>"; };
		9237B8ED1E8F481D00D34801 /* UIImage+SLCircleImage.h */ = {isa = PBXFileReference; fileEncoding = 4; lastKnownFileType = sourcecode.c.h; path = "UIImage+SLCircleImage.h"; sourceTree = "<group>"; };
		9237B8EE1E8F481D00D34801 /* UIImage+SLCircleImage.m */ = {isa = PBXFileReference; fileEncoding = 4; lastKnownFileType = sourcecode.c.objc; path = "UIImage+SLCircleImage.m"; sourceTree = "<group>"; };
		9237B8EF1E8F481D00D34801 /* UIImageView+SLCircleImage.h */ = {isa = PBXFileReference; fileEncoding = 4; lastKnownFileType = sourcecode.c.h; path = "UIImageView+SLCircleImage.h"; sourceTree = "<group>"; };
		9237B8F01E8F481D00D34801 /* UIImageView+SLCircleImage.m */ = {isa = PBXFileReference; fileEncoding = 4; lastKnownFileType = sourcecode.c.objc; path = "UIImageView+SLCircleImage.m"; sourceTree = "<group>"; };
		9237B8FE1E8F4F2900D34801 /* SLRecommendTagCell.h */ = {isa = PBXFileReference; fileEncoding = 4; lastKnownFileType = sourcecode.c.h; path = SLRecommendTagCell.h; sourceTree = "<group>"; };
		9237B8FF1E8F4F2900D34801 /* SLRecommendTagCell.m */ = {isa = PBXFileReference; fileEncoding = 4; lastKnownFileType = sourcecode.c.objc; path = SLRecommendTagCell.m; sourceTree = "<group>"; };
		9237B9001E8F4F2900D34801 /* SLRecommendTagCell.xib */ = {isa = PBXFileReference; fileEncoding = 4; lastKnownFileType = file.xib; path = SLRecommendTagCell.xib; sourceTree = "<group>"; };
		9237B9031E8F509500D34801 /* SLRecommendTag.h */ = {isa = PBXFileReference; fileEncoding = 4; lastKnownFileType = sourcecode.c.h; path = SLRecommendTag.h; sourceTree = "<group>"; };
		9237B9041E8F509500D34801 /* SLRecommendTag.m */ = {isa = PBXFileReference; fileEncoding = 4; lastKnownFileType = sourcecode.c.objc; path = SLRecommendTag.m; sourceTree = "<group>"; };
		9237B9061E8F509E00D34801 /* SLRecommendTagViewController.h */ = {isa = PBXFileReference; fileEncoding = 4; lastKnownFileType = sourcecode.c.h; path = SLRecommendTagViewController.h; sourceTree = "<group>"; };
		9237B9071E8F509E00D34801 /* SLRecommendTagViewController.m */ = {isa = PBXFileReference; fileEncoding = 4; lastKnownFileType = sourcecode.c.objc; path = SLRecommendTagViewController.m; sourceTree = "<group>"; };
		9237B9091E8F5DAD00D34801 /* SLCommentViewController.h */ = {isa = PBXFileReference; fileEncoding = 4; lastKnownFileType = sourcecode.c.h; path = SLCommentViewController.h; sourceTree = "<group>"; };
		9237B90A1E8F5DAD00D34801 /* SLCommentViewController.m */ = {isa = PBXFileReference; fileEncoding = 4; lastKnownFileType = sourcecode.c.objc; path = SLCommentViewController.m; sourceTree = "<group>"; };
		9237B90B1E8F5DAD00D34801 /* SLCommentViewController.xib */ = {isa = PBXFileReference; fileEncoding = 4; lastKnownFileType = file.xib; path = SLCommentViewController.xib; sourceTree = "<group>"; };
		924128321E84E58300C5D419 /* SLTabBarController.h */ = {isa = PBXFileReference; fileEncoding = 4; lastKnownFileType = sourcecode.c.h; path = SLTabBarController.h; sourceTree = "<group>"; };
		924128331E84E58300C5D419 /* SLTabBarController.m */ = {isa = PBXFileReference; fileEncoding = 4; lastKnownFileType = sourcecode.c.objc; path = SLTabBarController.m; sourceTree = "<group>"; };
		9241283D1E84E58300C5D419 /* SLTestViewController.h */ = {isa = PBXFileReference; fileEncoding = 4; lastKnownFileType = sourcecode.c.h; path = SLTestViewController.h; sourceTree = "<group>"; };
		9241283E1E84E58300C5D419 /* SLTestViewController.m */ = {isa = PBXFileReference; fileEncoding = 4; lastKnownFileType = sourcecode.c.objc; path = SLTestViewController.m; sourceTree = "<group>"; };
		924128411E84E58300C5D419 /* UIView+SLExtension.h */ = {isa = PBXFileReference; fileEncoding = 4; lastKnownFileType = sourcecode.c.h; path = "UIView+SLExtension.h"; sourceTree = "<group>"; };
		924128421E84E58300C5D419 /* UIView+SLExtension.m */ = {isa = PBXFileReference; fileEncoding = 4; lastKnownFileType = sourcecode.c.objc; path = "UIView+SLExtension.m"; sourceTree = "<group>"; };
		924128431E84E58300C5D419 /* PrefixHeader.pch */ = {isa = PBXFileReference; fileEncoding = 4; lastKnownFileType = sourcecode.c.h; path = PrefixHeader.pch; sourceTree = "<group>"; };
		9241284C1E84F2A700C5D419 /* SLEssenceViewController.h */ = {isa = PBXFileReference; fileEncoding = 4; lastKnownFileType = sourcecode.c.h; path = SLEssenceViewController.h; sourceTree = "<group>"; };
		9241284D1E84F2A700C5D419 /* SLEssenceViewController.m */ = {isa = PBXFileReference; fileEncoding = 4; lastKnownFileType = sourcecode.c.objc; path = SLEssenceViewController.m; sourceTree = "<group>"; };
		9241284F1E84F30400C5D419 /* SLFollowViewController.h */ = {isa = PBXFileReference; fileEncoding = 4; lastKnownFileType = sourcecode.c.h; path = SLFollowViewController.h; sourceTree = "<group>"; };
		924128501E84F30400C5D419 /* SLFollowViewController.m */ = {isa = PBXFileReference; fileEncoding = 4; lastKnownFileType = sourcecode.c.objc; path = SLFollowViewController.m; sourceTree = "<group>"; };
		924128521E84F37B00C5D419 /* SLMeViewController.h */ = {isa = PBXFileReference; fileEncoding = 4; lastKnownFileType = sourcecode.c.h; path = SLMeViewController.h; sourceTree = "<group>"; };
		924128531E84F37B00C5D419 /* SLMeViewController.m */ = {isa = PBXFileReference; fileEncoding = 4; lastKnownFileType = sourcecode.c.objc; path = SLMeViewController.m; sourceTree = "<group>"; };
		924128551E84F3E200C5D419 /* SLNewViewController.h */ = {isa = PBXFileReference; fileEncoding = 4; lastKnownFileType = sourcecode.c.h; path = SLNewViewController.h; sourceTree = "<group>"; };
		924128561E84F3E200C5D419 /* SLNewViewController.m */ = {isa = PBXFileReference; fileEncoding = 4; lastKnownFileType = sourcecode.c.objc; path = SLNewViewController.m; sourceTree = "<group>"; };
		924128591E84F4D400C5D419 /* SLTabBar.h */ = {isa = PBXFileReference; fileEncoding = 4; lastKnownFileType = sourcecode.c.h; path = SLTabBar.h; sourceTree = "<group>"; };
		9241285A1E84F4D400C5D419 /* SLTabBar.m */ = {isa = PBXFileReference; fileEncoding = 4; lastKnownFileType = sourcecode.c.objc; path = SLTabBar.m; sourceTree = "<group>"; };
		924CA93F1E88FA17006DACBA /* UITextField+SLExtension.h */ = {isa = PBXFileReference; fileEncoding = 4; lastKnownFileType = sourcecode.c.h; path = "UITextField+SLExtension.h"; sourceTree = "<group>"; };
		924CA9401E88FA17006DACBA /* UITextField+SLExtension.m */ = {isa = PBXFileReference; fileEncoding = 4; lastKnownFileType = sourcecode.c.objc; path = "UITextField+SLExtension.m"; sourceTree = "<group>"; };
		92508D821E90E2350077D49A /* SLCommentCell.h */ = {isa = PBXFileReference; fileEncoding = 4; lastKnownFileType = sourcecode.c.h; path = SLCommentCell.h; sourceTree = "<group>"; };
		92508D831E90E2350077D49A /* SLCommentCell.m */ = {isa = PBXFileReference; fileEncoding = 4; lastKnownFileType = sourcecode.c.objc; path = SLCommentCell.m; sourceTree = "<group>"; };
		92508D841E90E2350077D49A /* SLCommentCell.xib */ = {isa = PBXFileReference; fileEncoding = 4; lastKnownFileType = file.xib; path = SLCommentCell.xib; sourceTree = "<group>"; };
		92508D871E90E25F0077D49A /* SLCommentSectionHeader.h */ = {isa = PBXFileReference; fileEncoding = 4; lastKnownFileType = sourcecode.c.h; path = SLCommentSectionHeader.h; sourceTree = "<group>"; };
		92508D881E90E25F0077D49A /* SLCommentSectionHeader.m */ = {isa = PBXFileReference; fileEncoding = 4; lastKnownFileType = sourcecode.c.objc; path = SLCommentSectionHeader.m; sourceTree = "<group>"; };
		928315CD1E8D0270003CB724 /* SLFileTool.h */ = {isa = PBXFileReference; fileEncoding = 4; lastKnownFileType = sourcecode.c.h; path = SLFileTool.h; sourceTree = "<group>"; };
		928315CE1E8D0270003CB724 /* SLFileTool.m */ = {isa = PBXFileReference; fileEncoding = 4; lastKnownFileType = sourcecode.c.objc; path = SLFileTool.m; sourceTree = "<group>"; };
		928315D01E8D0F4B003CB724 /* SLClearCacheCell.h */ = {isa = PBXFileReference; fileEncoding = 4; lastKnownFileType = sourcecode.c.h; path = SLClearCacheCell.h; sourceTree = "<group>"; };
		928315D11E8D0F4B003CB724 /* SLClearCacheCell.m */ = {isa = PBXFileReference; fileEncoding = 4; lastKnownFileType = sourcecode.c.objc; path = SLClearCacheCell.m; sourceTree = "<group>"; };
		928315D31E8D4743003CB724 /* SLTitleButton.h */ = {isa = PBXFileReference; fileEncoding = 4; lastKnownFileType = sourcecode.c.h; path = SLTitleButton.h; sourceTree = "<group>"; };
		928315D41E8D4743003CB724 /* SLTitleButton.m */ = {isa = PBXFileReference; fileEncoding = 4; lastKnownFileType = sourcecode.c.objc; path = SLTitleButton.m; sourceTree = "<group>"; };
		928316051E8D508F003CB724 /* SLAllViewController.h */ = {isa = PBXFileReference; fileEncoding = 4; lastKnownFileType = sourcecode.c.h; path = SLAllViewController.h; sourceTree = "<group>"; };
		928316061E8D508F003CB724 /* SLAllViewController.m */ = {isa = PBXFileReference; fileEncoding = 4; lastKnownFileType = sourcecode.c.objc; path = SLAllViewController.m; sourceTree = "<group>"; };
		928316071E8D508F003CB724 /* SLPictureViewController.h */ = {isa = PBXFileReference; fileEncoding = 4; lastKnownFileType = sourcecode.c.h; path = SLPictureViewController.h; sourceTree = "<group>"; };
		928316081E8D508F003CB724 /* SLPictureViewController.m */ = {isa = PBXFileReference; fileEncoding = 4; lastKnownFileType = sourcecode.c.objc; path = SLPictureViewController.m; sourceTree = "<group>"; };
		928316091E8D508F003CB724 /* SLVideoViewController.h */ = {isa = PBXFileReference; fileEncoding = 4; lastKnownFileType = sourcecode.c.h; path = SLVideoViewController.h; sourceTree = "<group>"; };
		9283160A1E8D508F003CB724 /* SLVideoViewController.m */ = {isa = PBXFileReference; fileEncoding = 4; lastKnownFileType = sourcecode.c.objc; path = SLVideoViewController.m; sourceTree = "<group>"; };
		9283160B1E8D508F003CB724 /* SLVoiceViewController.h */ = {isa = PBXFileReference; fileEncoding = 4; lastKnownFileType = sourcecode.c.h; path = SLVoiceViewController.h; sourceTree = "<group>"; };
		9283160C1E8D508F003CB724 /* SLVoiceViewController.m */ = {isa = PBXFileReference; fileEncoding = 4; lastKnownFileType = sourcecode.c.objc; path = SLVoiceViewController.m; sourceTree = "<group>"; };
		9283160D1E8D508F003CB724 /* SLWordViewController.h */ = {isa = PBXFileReference; fileEncoding = 4; lastKnownFileType = sourcecode.c.h; path = SLWordViewController.h; sourceTree = "<group>"; };
		9283160E1E8D508F003CB724 /* SLWordViewController.m */ = {isa = PBXFileReference; fileEncoding = 4; lastKnownFileType = sourcecode.c.objc; path = SLWordViewController.m; sourceTree = "<group>"; };
		929A35101E865D87004CCA98 /* SLFollowViewController.xib */ = {isa = PBXFileReference; fileEncoding = 4; lastKnownFileType = file.xib; path = SLFollowViewController.xib; sourceTree = "<group>"; };
		929A35121E865E17004CCA98 /* SLLoginRegisterViewController.h */ = {isa = PBXFileReference; fileEncoding = 4; lastKnownFileType = sourcecode.c.h; path = SLLoginRegisterViewController.h; sourceTree = "<group>"; };
		929A35131E865E17004CCA98 /* SLLoginRegisterViewController.m */ = {isa = PBXFileReference; fileEncoding = 4; lastKnownFileType = sourcecode.c.objc; path = SLLoginRegisterViewController.m; sourceTree = "<group>"; };
		929A35141E865E17004CCA98 /* SLLoginRegisterViewController.xib */ = {isa = PBXFileReference; fileEncoding = 4; lastKnownFileType = file.xib; path = SLLoginRegisterViewController.xib; sourceTree = "<group>"; };
		929A35171E866179004CCA98 /* SLQuickLoginButton.h */ = {isa = PBXFileReference; fileEncoding = 4; lastKnownFileType = sourcecode.c.h; path = SLQuickLoginButton.h; sourceTree = "<group>"; };
		929A35181E866179004CCA98 /* SLQuickLoginButton.m */ = {isa = PBXFileReference; fileEncoding = 4; lastKnownFileType = sourcecode.c.objc; path = SLQuickLoginButton.m; sourceTree = "<group>"; };
		92AEA8511E850247001E6159 /* UIBarButtonItem+SLExtension.h */ = {isa = PBXFileReference; fileEncoding = 4; lastKnownFileType = sourcecode.c.h; path = "UIBarButtonItem+SLExtension.h"; sourceTree = "<group>"; };
		92AEA8521E850247001E6159 /* UIBarButtonItem+SLExtension.m */ = {isa = PBXFileReference; fileEncoding = 4; lastKnownFileType = sourcecode.c.objc; path = "UIBarButtonItem+SLExtension.m"; sourceTree = "<group>"; };
		92AEA8541E8502B3001E6159 /* SLBaseViewController.h */ = {isa = PBXFileReference; fileEncoding = 4; lastKnownFileType = sourcecode.c.h; path = SLBaseViewController.h; sourceTree = "<group>"; };
		92AEA8551E8502B3001E6159 /* SLBaseViewController.m */ = {isa = PBXFileReference; fileEncoding = 4; lastKnownFileType = sourcecode.c.objc; path = SLBaseViewController.m; sourceTree = "<group>"; };
		92AEA8571E850360001E6159 /* SLRecommendFollowViewController.h */ = {isa = PBXFileReference; fileEncoding = 4; lastKnownFileType = sourcecode.c.h; path = SLRecommendFollowViewController.h; sourceTree = "<group>"; };
		92AEA8581E850360001E6159 /* SLRecommendFollowViewController.m */ = {isa = PBXFileReference; fileEncoding = 4; lastKnownFileType = sourcecode.c.objc; path = SLRecommendFollowViewController.m; sourceTree = "<group>"; };
		92AEA85A1E8503F7001E6159 /* SLSettingViewController.h */ = {isa = PBXFileReference; fileEncoding = 4; lastKnownFileType = sourcecode.c.h; path = SLSettingViewController.h; sourceTree = "<group>"; };
		92AEA85B1E8503F7001E6159 /* SLSettingViewController.m */ = {isa = PBXFileReference; fileEncoding = 4; lastKnownFileType = sourcecode.c.objc; path = SLSettingViewController.m; sourceTree = "<group>"; };
		92AEA85D1E850567001E6159 /* SLNavigationController.h */ = {isa = PBXFileReference; fileEncoding = 4; lastKnownFileType = sourcecode.c.h; path = SLNavigationController.h; sourceTree = "<group>"; };
		92AEA85E1E850567001E6159 /* SLNavigationController.m */ = {isa = PBXFileReference; fileEncoding = 4; lastKnownFileType = sourcecode.c.objc; path = SLNavigationController.m; sourceTree = "<group>"; };
		92AF3A421E8BF78B00D6368A /* SLMeCell.h */ = {isa = PBXFileReference; fileEncoding = 4; lastKnownFileType = sourcecode.c.h; path = SLMeCell.h; sourceTree = "<group>"; };
		92AF3A431E8BF78B00D6368A /* SLMeCell.m */ = {isa = PBXFileReference; fileEncoding = 4; lastKnownFileType = sourcecode.c.objc; path = SLMeCell.m; sourceTree = "<group>"; };
		92AF3A451E8BF7B600D6368A /* GlobalConst.h */ = {isa = PBXFileReference; fileEncoding = 4; lastKnownFileType = sourcecode.c.h; path = GlobalConst.h; sourceTree = "<group>"; };
		92AF3A461E8BF7B600D6368A /* GlobalConst.m */ = {isa = PBXFileReference; fileEncoding = 4; lastKnownFileType = sourcecode.c.objc; path = GlobalConst.m; sourceTree = "<group>"; };
		92AF3A481E8BF7E500D6368A /* SLMeFooterView.h */ = {isa = PBXFileReference; fileEncoding = 4; lastKnownFileType = sourcecode.c.h; path = SLMeFooterView.h; sourceTree = "<group>"; };
		92AF3A491E8BF7E500D6368A /* SLMeFooterView.m */ = {isa = PBXFileReference; fileEncoding = 4; lastKnownFileType = sourcecode.c.objc; path = SLMeFooterView.m; sourceTree = "<group>"; };
		92AF3A4B1E8BF81E00D6368A /* SLMeSquare.h */ = {isa = PBXFileReference; fileEncoding = 4; lastKnownFileType = sourcecode.c.h; path = SLMeSquare.h; sourceTree = "<group>"; };
		92AF3A4C1E8BF81E00D6368A /* SLMeSquare.m */ = {isa = PBXFileReference; fileEncoding = 4; lastKnownFileType = sourcecode.c.objc; path = SLMeSquare.m; sourceTree = "<group>"; };
		92AF3A561E8BFB7D00D6368A /* SLMeSquareButton.h */ = {isa = PBXFileReference; fileEncoding = 4; lastKnownFileType = sourcecode.c.h; path = SLMeSquareButton.h; sourceTree = "<group>"; };
		92AF3A571E8BFB7D00D6368A /* SLMeSquareButton.m */ = {isa = PBXFileReference; fileEncoding = 4; lastKnownFileType = sourcecode.c.objc; path = SLMeSquareButton.m; sourceTree = "<group>"; };
		92AF3A591E8BFC0500D6368A /* SLWebViewController.h */ = {isa = PBXFileReference; fileEncoding = 4; lastKnownFileType = sourcecode.c.h; path = SLWebViewController.h; sourceTree = "<group>"; };
		92AF3A5A1E8BFC0500D6368A /* SLWebViewController.m */ = {isa = PBXFileReference; fileEncoding = 4; lastKnownFileType = sourcecode.c.objc; path = SLWebViewController.m; sourceTree = "<group>"; };
		92AF3A5B1E8BFC0500D6368A /* SLWebViewController.xib */ = {isa = PBXFileReference; fileEncoding = 4; lastKnownFileType = file.xib; path = SLWebViewController.xib; sourceTree = "<group>"; };
		92EB8EA41E87AE3100A2B585 /* SLLoginRegisterTextField.h */ = {isa = PBXFileReference; fileEncoding = 4; lastKnownFileType = sourcecode.c.h; path = SLLoginRegisterTextField.h; sourceTree = "<group>"; };
		92EB8EA51E87AE3100A2B585 /* SLLoginRegisterTextField.m */ = {isa = PBXFileReference; fileEncoding = 4; lastKnownFileType = sourcecode.c.objc; path = SLLoginRegisterTextField.m; sourceTree = "<group>"; };
		92F3F86A1E8E1F4D0044FFE9 /* SLTopic.h */ = {isa = PBXFileReference; fileEncoding = 4; lastKnownFileType = sourcecode.c.h; path = SLTopic.h; sourceTree = "<group>"; };
		92F3F86B1E8E1F4D0044FFE9 /* SLTopic.m */ = {isa = PBXFileReference; fileEncoding = 4; lastKnownFileType = sourcecode.c.objc; path = SLTopic.m; sourceTree = "<group>"; };
		92F3F86D1E8E1FCE0044FFE9 /* SLRefreshHeader.h */ = {isa = PBXFileReference; fileEncoding = 4; lastKnownFileType = sourcecode.c.h; path = SLRefreshHeader.h; sourceTree = "<group>"; };
		92F3F86E1E8E1FCE0044FFE9 /* SLRefreshHeader.m */ = {isa = PBXFileReference; fileEncoding = 4; lastKnownFileType = sourcecode.c.objc; path = SLRefreshHeader.m; sourceTree = "<group>"; };
		92F3F8701E8E20FE0044FFE9 /* SLRefreshFooter.h */ = {isa = PBXFileReference; fileEncoding = 4; lastKnownFileType = sourcecode.c.h; path = SLRefreshFooter.h; sourceTree = "<group>"; };
		92F3F8711E8E20FE0044FFE9 /* SLRefreshFooter.m */ = {isa = PBXFileReference; fileEncoding = 4; lastKnownFileType = sourcecode.c.objc; path = SLRefreshFooter.m; sourceTree = "<group>"; };
		92F647351E8E44190021F3BD /* SLTopicCell.h */ = {isa = PBXFileReference; fileEncoding = 4; lastKnownFileType = sourcecode.c.h; path = SLTopicCell.h; sourceTree = "<group>"; };
		92F647361E8E44190021F3BD /* SLTopicCell.m */ = {isa = PBXFileReference; fileEncoding = 4; lastKnownFileType = sourcecode.c.objc; path = SLTopicCell.m; sourceTree = "<group>"; };
		92F647371E8E44190021F3BD /* SLTopicCell.xib */ = {isa = PBXFileReference; fileEncoding = 4; lastKnownFileType = file.xib; path = SLTopicCell.xib; sourceTree = "<group>"; };
		92F6473D1E8E59FC0021F3BD /* NSCalendar+SLCurrentCalendar.h */ = {isa = PBXFileReference; fileEncoding = 4; lastKnownFileType = sourcecode.c.h; path = "NSCalendar+SLCurrentCalendar.h"; sourceTree = "<group>"; };
		92F6473E1E8E59FC0021F3BD /* NSCalendar+SLCurrentCalendar.m */ = {isa = PBXFileReference; fileEncoding = 4; lastKnownFileType = sourcecode.c.objc; path = "NSCalendar+SLCurrentCalendar.m"; sourceTree = "<group>"; };
		92F647401E8E5A800021F3BD /* NSDate+SLExtension.h */ = {isa = PBXFileReference; fileEncoding = 4; lastKnownFileType = sourcecode.c.h; path = "NSDate+SLExtension.h"; sourceTree = "<group>"; };
		92F647411E8E5A800021F3BD /* NSDate+SLExtension.m */ = {isa = PBXFileReference; fileEncoding = 4; lastKnownFileType = sourcecode.c.objc; path = "NSDate+SLExtension.m"; sourceTree = "<group>"; };
		92F647431E8E5ED80021F3BD /* SLExtensionConfig.h */ = {isa = PBXFileReference; fileEncoding = 4; lastKnownFileType = sourcecode.c.h; path = SLExtensionConfig.h; sourceTree = "<group>"; };
		92F647441E8E5ED80021F3BD /* SLExtensionConfig.m */ = {isa = PBXFileReference; fileEncoding = 4; lastKnownFileType = sourcecode.c.objc; path = SLExtensionConfig.m; sourceTree = "<group>"; };
		92F647461E8E5F450021F3BD /* SLComment.h */ = {isa = PBXFileReference; fileEncoding = 4; lastKnownFileType = sourcecode.c.h; path = SLComment.h; sourceTree = "<group>"; };
		92F647471E8E5F450021F3BD /* SLComment.m */ = {isa = PBXFileReference; fileEncoding = 4; lastKnownFileType = sourcecode.c.objc; path = SLComment.m; sourceTree = "<group>"; };
		92F647491E8E5F590021F3BD /* SLUser.h */ = {isa = PBXFileReference; fileEncoding = 4; lastKnownFileType = sourcecode.c.h; path = SLUser.h; sourceTree = "<group>"; };
		92F6474A1E8E5F590021F3BD /* SLUser.m */ = {isa = PBXFileReference; fileEncoding = 4; lastKnownFileType = sourcecode.c.objc; path = SLUser.m; sourceTree = "<group>"; };
		92F6474C1E8E7C910021F3BD /* SLTopicPictureView.h */ = {isa = PBXFileReference; fileEncoding = 4; lastKnownFileType = sourcecode.c.h; path = SLTopicPictureView.h; sourceTree = "<group>"; };
		92F6474D1E8E7C910021F3BD /* SLTopicPictureView.m */ = {isa = PBXFileReference; fileEncoding = 4; lastKnownFileType = sourcecode.c.objc; path = SLTopicPictureView.m; sourceTree = "<group>"; };
		92F6474F1E8E7CA10021F3BD /* SLTopicPictureView.xib */ = {isa = PBXFileReference; fileEncoding = 4; lastKnownFileType = file.xib; path = SLTopicPictureView.xib; sourceTree = "<group>"; };
		92F647511E8E839D0021F3BD /* SLTopicVideoView.h */ = {isa = PBXFileReference; fileEncoding = 4; lastKnownFileType = sourcecode.c.h; path = SLTopicVideoView.h; sourceTree = "<group>"; };
		92F647521E8E839D0021F3BD /* SLTopicVideoView.m */ = {isa = PBXFileReference; fileEncoding = 4; lastKnownFileType = sourcecode.c.objc; path = SLTopicVideoView.m; sourceTree = "<group>"; };
		92F647541E8E84000021F3BD /* SLTopicVideoView.xib */ = {isa = PBXFileReference; fileEncoding = 4; lastKnownFileType = file.xib; path = SLTopicVideoView.xib; sourceTree = "<group>"; };
		92F647561E8E84280021F3BD /* SLTopicVoiceView.h */ = {isa = PBXFileReference; fileEncoding = 4; lastKnownFileType = sourcecode.c.h; path = SLTopicVoiceView.h; sourceTree = "<group>"; };
		92F647571E8E84280021F3BD /* SLTopicVoiceView.m */ = {isa = PBXFileReference; fileEncoding = 4; lastKnownFileType = sourcecode.c.objc; path = SLTopicVoiceView.m; sourceTree = "<group>"; };
		92F647591E8E843C0021F3BD /* SLTopicVoiceView.xib */ = {isa = PBXFileReference; fileEncoding = 4; lastKnownFileType = file.xib; path = SLTopicVoiceView.xib; sourceTree = "<group>"; };
		92F6475B1E8E89E00021F3BD /* SLTopicViewController.h */ = {isa = PBXFileReference; fileEncoding = 4; lastKnownFileType = sourcecode.c.h; path = SLTopicViewController.h; sourceTree = "<group>"; };
		92F6475C1E8E89E00021F3BD /* SLTopicViewController.m */ = {isa = PBXFileReference; fileEncoding = 4; lastKnownFileType = sourcecode.c.objc; path = SLTopicViewController.m; sourceTree = "<group>"; };
		92FBC2B91E93E0E0005F0BBB /* SLTopWindow.h */ = {isa = PBXFileReference; fileEncoding = 4; lastKnownFileType = sourcecode.c.h; path = SLTopWindow.h; sourceTree = "<group>"; };
		92FBC2BA1E93E0E0005F0BBB /* SLTopWindow.m */ = {isa = PBXFileReference; fileEncoding = 4; lastKnownFileType = sourcecode.c.objc; path = SLTopWindow.m; sourceTree = "<group>"; };
		92FD94281E84027D00AFA363 /* 百思不得姐.app */ = {isa = PBXFileReference; explicitFileType = wrapper.application; includeInIndex = 0; path = "百思不得姐.app"; sourceTree = BUILT_PRODUCTS_DIR; };
		92FD942C1E84027D00AFA363 /* main.m */ = {isa = PBXFileReference; lastKnownFileType = sourcecode.c.objc; path = main.m; sourceTree = "<group>"; };
		92FD942E1E84027D00AFA363 /* AppDelegate.h */ = {isa = PBXFileReference; lastKnownFileType = sourcecode.c.h; path = AppDelegate.h; sourceTree = "<group>"; };
		92FD942F1E84027D00AFA363 /* AppDelegate.m */ = {isa = PBXFileReference; lastKnownFileType = sourcecode.c.objc; path = AppDelegate.m; sourceTree = "<group>"; };
		92FD94371E84027D00AFA363 /* Assets.xcassets */ = {isa = PBXFileReference; lastKnownFileType = folder.assetcatalog; path = Assets.xcassets; sourceTree = "<group>"; };
		92FD943C1E84027D00AFA363 /* Info.plist */ = {isa = PBXFileReference; lastKnownFileType = text.plist.xml; path = Info.plist; sourceTree = "<group>"; };
		92FD94411E84027D00AFA363 /* 百思不得姐Tests.xctest */ = {isa = PBXFileReference; explicitFileType = wrapper.cfbundle; includeInIndex = 0; path = "百思不得姐Tests.xctest"; sourceTree = BUILT_PRODUCTS_DIR; };
		92FD94451E84027D00AFA363 /* _____Tests.m */ = {isa = PBXFileReference; lastKnownFileType = sourcecode.c.objc; path = "_____Tests.m"; sourceTree = "<group>"; };
		92FD94471E84027D00AFA363 /* Info.plist */ = {isa = PBXFileReference; lastKnownFileType = text.plist.xml; path = Info.plist; sourceTree = "<group>"; };
		92FD944C1E84027D00AFA363 /* 百思不得姐UITests.xctest */ = {isa = PBXFileReference; explicitFileType = wrapper.cfbundle; includeInIndex = 0; path = "百思不得姐UITests.xctest"; sourceTree = BUILT_PRODUCTS_DIR; };
		92FD94501E84027D00AFA363 /* _____UITests.m */ = {isa = PBXFileReference; lastKnownFileType = sourcecode.c.objc; path = "_____UITests.m"; sourceTree = "<group>"; };
		92FD94521E84027D00AFA363 /* Info.plist */ = {isa = PBXFileReference; lastKnownFileType = text.plist.xml; path = Info.plist; sourceTree = "<group>"; };
		A29852BFC1A35532DD7704A1 /* Pods-百思不得姐UITests.release.xcconfig */ = {isa = PBXFileReference; includeInIndex = 1; lastKnownFileType = text.xcconfig; name = "Pods-百思不得姐UITests.release.xcconfig"; path = "Pods/Target Support Files/Pods-百思不得姐UITests/Pods-百思不得姐UITests.release.xcconfig"; sourceTree = "<group>"; };
		A95F6E5E31BBFA5768EF81D8 /* Pods-百思不得姐.debug.xcconfig */ = {isa = PBXFileReference; includeInIndex = 1; lastKnownFileType = text.xcconfig; name = "Pods-百思不得姐.debug.xcconfig"; path = "Pods/Target Support Files/Pods-百思不得姐/Pods-百思不得姐.debug.xcconfig"; sourceTree = "<group>"; };
		B6EEBDAB45C163A0FCBA239F /* libPods-百思不得姐UITests.a */ = {isa = PBXFileReference; explicitFileType = archive.ar; includeInIndex = 0; path = "libPods-百思不得姐UITests.a"; sourceTree = BUILT_PRODUCTS_DIR; };
		C57885D07A160A230047B670 /* libPods-百思不得姐.a */ = {isa = PBXFileReference; explicitFileType = archive.ar; includeInIndex = 0; path = "libPods-百思不得姐.a"; sourceTree = BUILT_PRODUCTS_DIR; };
		DEEA9A6F14972C864A8F9C33 /* Pods-百思不得姐.release.xcconfig */ = {isa = PBXFileReference; includeInIndex = 1; lastKnownFileType = text.xcconfig; name = "Pods-百思不得姐.release.xcconfig"; path = "Pods/Target Support Files/Pods-百思不得姐/Pods-百思不得姐.release.xcconfig"; sourceTree = "<group>"; };
		EF2DFF3C1A71356E3953C398 /* Pods-百思不得姐Tests.release.xcconfig */ = {isa = PBXFileReference; includeInIndex = 1; lastKnownFileType = text.xcconfig; name = "Pods-百思不得姐Tests.release.xcconfig"; path = "Pods/Target Support Files/Pods-百思不得姐Tests/Pods-百思不得姐Tests.release.xcconfig"; sourceTree = "<group>"; };
/* End PBXFileReference section */

/* Begin PBXFrameworksBuildPhase section */
		92FD94251E84027D00AFA363 /* Frameworks */ = {
			isa = PBXFrameworksBuildPhase;
			buildActionMask = 2147483647;
			files = (
				4D7E9DB03BEC1D10031C5CF8 /* libPods-百思不得姐.a in Frameworks */,
			);
			runOnlyForDeploymentPostprocessing = 0;
		};
		92FD943E1E84027D00AFA363 /* Frameworks */ = {
			isa = PBXFrameworksBuildPhase;
			buildActionMask = 2147483647;
			files = (
				C17BDF1E47B1ABFAF0577452 /* libPods-百思不得姐Tests.a in Frameworks */,
			);
			runOnlyForDeploymentPostprocessing = 0;
		};
		92FD94491E84027D00AFA363 /* Frameworks */ = {
			isa = PBXFrameworksBuildPhase;
			buildActionMask = 2147483647;
			files = (
				3B60FF5BE6052B8DEA8C1AB0 /* libPods-百思不得姐UITests.a in Frameworks */,
			);
			runOnlyForDeploymentPostprocessing = 0;
		};
/* End PBXFrameworksBuildPhase section */

/* Begin PBXGroup section */
		9223E3991E95EA4B00899A02 /* 启动图片 */ = {
			isa = PBXGroup;
			children = (
				9223E39A1E95EA4B00899A02 /* LaunchImage-568h@2x.png */,
				9223E39B1E95EA4B00899A02 /* LaunchImage-700-568h@2x.png */,
				9223E39C1E95EA4B00899A02 /* LaunchImage-700@2x.png */,
				9223E39D1E95EA4B00899A02 /* LaunchImage-800-667h@2x.png */,
				9223E39E1E95EA4B00899A02 /* LaunchImage-800-Portrait-736h@3x.png */,
				9223E39F1E95EA4B00899A02 /* LaunchImage.png */,
				9223E3A01E95EA4B00899A02 /* LaunchImage@2x.png */,
			);
			path = "启动图片";
			sourceTree = "<group>";
		};
		924128281E84E58300C5D419 /* Essence-精华 */ = {
			isa = PBXGroup;
			children = (
				924128291E84E58300C5D419 /* Controller */,
				9241282A1E84E58300C5D419 /* Model */,
				9241282B1E84E58300C5D419 /* View */,
			);
			path = "Essence-精华";
			sourceTree = "<group>";
		};
		924128291E84E58300C5D419 /* Controller */ = {
			isa = PBXGroup;
			children = (
				9241284C1E84F2A700C5D419 /* SLEssenceViewController.h */,
				9241284D1E84F2A700C5D419 /* SLEssenceViewController.m */,
				928316051E8D508F003CB724 /* SLAllViewController.h */,
				928316061E8D508F003CB724 /* SLAllViewController.m */,
				928316071E8D508F003CB724 /* SLPictureViewController.h */,
				928316081E8D508F003CB724 /* SLPictureViewController.m */,
				928316091E8D508F003CB724 /* SLVideoViewController.h */,
				9283160A1E8D508F003CB724 /* SLVideoViewController.m */,
				9283160B1E8D508F003CB724 /* SLVoiceViewController.h */,
				9283160C1E8D508F003CB724 /* SLVoiceViewController.m */,
				9283160D1E8D508F003CB724 /* SLWordViewController.h */,
				9283160E1E8D508F003CB724 /* SLWordViewController.m */,
				92F6475B1E8E89E00021F3BD /* SLTopicViewController.h */,
				92F6475C1E8E89E00021F3BD /* SLTopicViewController.m */,
				9237B8DD1E8F304300D34801 /* SLSeeBigViewController.h */,
				9237B8DE1E8F304300D34801 /* SLSeeBigViewController.m */,
				9237B8DF1E8F304300D34801 /* SLSeeBigViewController.xib */,
				9237B9061E8F509E00D34801 /* SLRecommendTagViewController.h */,
				9237B9071E8F509E00D34801 /* SLRecommendTagViewController.m */,
				9237B9091E8F5DAD00D34801 /* SLCommentViewController.h */,
				9237B90A1E8F5DAD00D34801 /* SLCommentViewController.m */,
				9237B90B1E8F5DAD00D34801 /* SLCommentViewController.xib */,
			);
			path = Controller;
			sourceTree = "<group>";
		};
		9241282A1E84E58300C5D419 /* Model */ = {
			isa = PBXGroup;
			children = (
				92F3F86A1E8E1F4D0044FFE9 /* SLTopic.h */,
				92F3F86B1E8E1F4D0044FFE9 /* SLTopic.m */,
				92F647461E8E5F450021F3BD /* SLComment.h */,
				92F647471E8E5F450021F3BD /* SLComment.m */,
				92F647491E8E5F590021F3BD /* SLUser.h */,
				92F6474A1E8E5F590021F3BD /* SLUser.m */,
				9237B9031E8F509500D34801 /* SLRecommendTag.h */,
				9237B9041E8F509500D34801 /* SLRecommendTag.m */,
			);
			path = Model;
			sourceTree = "<group>";
		};
		9241282B1E84E58300C5D419 /* View */ = {
			isa = PBXGroup;
			children = (
				928315D31E8D4743003CB724 /* SLTitleButton.h */,
				928315D41E8D4743003CB724 /* SLTitleButton.m */,
				92F647351E8E44190021F3BD /* SLTopicCell.h */,
				92F647361E8E44190021F3BD /* SLTopicCell.m */,
				92F647371E8E44190021F3BD /* SLTopicCell.xib */,
				9237B8FE1E8F4F2900D34801 /* SLRecommendTagCell.h */,
				9237B8FF1E8F4F2900D34801 /* SLRecommendTagCell.m */,
				9237B9001E8F4F2900D34801 /* SLRecommendTagCell.xib */,
				92508D821E90E2350077D49A /* SLCommentCell.h */,
				92508D831E90E2350077D49A /* SLCommentCell.m */,
				92508D841E90E2350077D49A /* SLCommentCell.xib */,
				92508D871E90E25F0077D49A /* SLCommentSectionHeader.h */,
				92508D881E90E25F0077D49A /* SLCommentSectionHeader.m */,
				92F6474C1E8E7C910021F3BD /* SLTopicPictureView.h */,
				92F6474D1E8E7C910021F3BD /* SLTopicPictureView.m */,
				92F6474F1E8E7CA10021F3BD /* SLTopicPictureView.xib */,
				92F647511E8E839D0021F3BD /* SLTopicVideoView.h */,
				92F647521E8E839D0021F3BD /* SLTopicVideoView.m */,
				92F647541E8E84000021F3BD /* SLTopicVideoView.xib */,
				92F647561E8E84280021F3BD /* SLTopicVoiceView.h */,
				92F647571E8E84280021F3BD /* SLTopicVoiceView.m */,
				92F647591E8E843C0021F3BD /* SLTopicVoiceView.xib */,
			);
			path = View;
			sourceTree = "<group>";
		};
		9241282C1E84E58300C5D419 /* Follow-关注 */ = {
			isa = PBXGroup;
			children = (
				9241282D1E84E58300C5D419 /* Controller */,
				9241282E1E84E58300C5D419 /* Model */,
				9241282F1E84E58300C5D419 /* View */,
			);
			path = "Follow-关注";
			sourceTree = "<group>";
		};
		9241282D1E84E58300C5D419 /* Controller */ = {
			isa = PBXGroup;
			children = (
				9241284F1E84F30400C5D419 /* SLFollowViewController.h */,
				924128501E84F30400C5D419 /* SLFollowViewController.m */,
				929A35101E865D87004CCA98 /* SLFollowViewController.xib */,
				92AEA8571E850360001E6159 /* SLRecommendFollowViewController.h */,
				92AEA8581E850360001E6159 /* SLRecommendFollowViewController.m */,
			);
			path = Controller;
			sourceTree = "<group>";
		};
		9241282E1E84E58300C5D419 /* Model */ = {
			isa = PBXGroup;
			children = (
			);
			path = Model;
			sourceTree = "<group>";
		};
		9241282F1E84E58300C5D419 /* View */ = {
			isa = PBXGroup;
			children = (
			);
			path = View;
			sourceTree = "<group>";
		};
		924128301E84E58300C5D419 /* Main */ = {
			isa = PBXGroup;
			children = (
				924128581E84F4D400C5D419 /* View */,
				924128311E84E58300C5D419 /* Controller */,
				924128341E84E58300C5D419 /* Model */,
			);
			path = Main;
			sourceTree = "<group>";
		};
		924128311E84E58300C5D419 /* Controller */ = {
			isa = PBXGroup;
			children = (
				924128321E84E58300C5D419 /* SLTabBarController.h */,
				924128331E84E58300C5D419 /* SLTabBarController.m */,
				92AEA8541E8502B3001E6159 /* SLBaseViewController.h */,
				92AEA8551E8502B3001E6159 /* SLBaseViewController.m */,
				92AEA85D1E850567001E6159 /* SLNavigationController.h */,
				92AEA85E1E850567001E6159 /* SLNavigationController.m */,
				929A35121E865E17004CCA98 /* SLLoginRegisterViewController.h */,
				929A35131E865E17004CCA98 /* SLLoginRegisterViewController.m */,
				929A35141E865E17004CCA98 /* SLLoginRegisterViewController.xib */,
				9223E3941E95E95D00899A02 /* SLADViewController.h */,
				9223E3951E95E95D00899A02 /* SLADViewController.m */,
				9223E3961E95E95D00899A02 /* SLADViewController.xib */,
			);
			path = Controller;
			sourceTree = "<group>";
		};
		924128341E84E58300C5D419 /* Model */ = {
			isa = PBXGroup;
			children = (
				9223E3A81E95F1BE00899A02 /* SLADItem.h */,
				9223E3A91E95F1BE00899A02 /* SLADItem.m */,
			);
			path = Model;
			sourceTree = "<group>";
		};
		924128381E84E58300C5D419 /* New-新帖 */ = {
			isa = PBXGroup;
			children = (
				924128391E84E58300C5D419 /* Controller */,
				9241283A1E84E58300C5D419 /* Model */,
				9241283B1E84E58300C5D419 /* View */,
			);
			path = "New-新帖";
			sourceTree = "<group>";
		};
		924128391E84E58300C5D419 /* Controller */ = {
			isa = PBXGroup;
			children = (
				924128551E84F3E200C5D419 /* SLNewViewController.h */,
				924128561E84F3E200C5D419 /* SLNewViewController.m */,
			);
			path = Controller;
			sourceTree = "<group>";
		};
		9241283A1E84E58300C5D419 /* Model */ = {
			isa = PBXGroup;
			children = (
			);
			path = Model;
			sourceTree = "<group>";
		};
		9241283B1E84E58300C5D419 /* View */ = {
			isa = PBXGroup;
			children = (
			);
			path = View;
			sourceTree = "<group>";
		};
		9241283C1E84E58300C5D419 /* Other */ = {
			isa = PBXGroup;
			children = (
				9241283D1E84E58300C5D419 /* SLTestViewController.h */,
				9241283E1E84E58300C5D419 /* SLTestViewController.m */,
			);
			path = Other;
			sourceTree = "<group>";
		};
		9241283F1E84E58300C5D419 /* Tools */ = {
			isa = PBXGroup;
			children = (
				924128401E84E58300C5D419 /* Category */,
				928315CD1E8D0270003CB724 /* SLFileTool.h */,
				928315CE1E8D0270003CB724 /* SLFileTool.m */,
				921E8D591E98D5020046421E /* SLNetworkTools.h */,
				921E8D5A1E98D5020046421E /* SLNetworkTools.m */,
			);
			path = Tools;
			sourceTree = "<group>";
		};
		924128401E84E58300C5D419 /* Category */ = {
			isa = PBXGroup;
			children = (
				9237B8ED1E8F481D00D34801 /* UIImage+SLCircleImage.h */,
				9237B8EE1E8F481D00D34801 /* UIImage+SLCircleImage.m */,
				9237B8EF1E8F481D00D34801 /* UIImageView+SLCircleImage.h */,
				9237B8F01E8F481D00D34801 /* UIImageView+SLCircleImage.m */,
				924CA93F1E88FA17006DACBA /* UITextField+SLExtension.h */,
				924CA9401E88FA17006DACBA /* UITextField+SLExtension.m */,
				924128411E84E58300C5D419 /* UIView+SLExtension.h */,
				924128421E84E58300C5D419 /* UIView+SLExtension.m */,
				92AEA8511E850247001E6159 /* UIBarButtonItem+SLExtension.h */,
				92AEA8521E850247001E6159 /* UIBarButtonItem+SLExtension.m */,
				92F6473D1E8E59FC0021F3BD /* NSCalendar+SLCurrentCalendar.h */,
				92F6473E1E8E59FC0021F3BD /* NSCalendar+SLCurrentCalendar.m */,
				92F647401E8E5A800021F3BD /* NSDate+SLExtension.h */,
				92F647411E8E5A800021F3BD /* NSDate+SLExtension.m */,
			);
			path = Category;
			sourceTree = "<group>";
		};
		924128481E84E5AE00C5D419 /* Me-我 */ = {
			isa = PBXGroup;
			children = (
				924128491E84E5AE00C5D419 /* Controller */,
				9241284A1E84E5AE00C5D419 /* Model */,
				9241284B1E84E5AE00C5D419 /* View */,
			);
			path = "Me-我";
			sourceTree = "<group>";
		};
		924128491E84E5AE00C5D419 /* Controller */ = {
			isa = PBXGroup;
			children = (
				924128521E84F37B00C5D419 /* SLMeViewController.h */,
				924128531E84F37B00C5D419 /* SLMeViewController.m */,
				92AEA85A1E8503F7001E6159 /* SLSettingViewController.h */,
				92AEA85B1E8503F7001E6159 /* SLSettingViewController.m */,
				92AF3A591E8BFC0500D6368A /* SLWebViewController.h */,
				92AF3A5A1E8BFC0500D6368A /* SLWebViewController.m */,
				92AF3A5B1E8BFC0500D6368A /* SLWebViewController.xib */,
			);
			path = Controller;
			sourceTree = "<group>";
		};
		9241284A1E84E5AE00C5D419 /* Model */ = {
			isa = PBXGroup;
			children = (
				92AF3A4B1E8BF81E00D6368A /* SLMeSquare.h */,
				92AF3A4C1E8BF81E00D6368A /* SLMeSquare.m */,
			);
			path = Model;
			sourceTree = "<group>";
		};
		9241284B1E84E5AE00C5D419 /* View */ = {
			isa = PBXGroup;
			children = (
				92AF3A421E8BF78B00D6368A /* SLMeCell.h */,
				92AF3A431E8BF78B00D6368A /* SLMeCell.m */,
				92AF3A481E8BF7E500D6368A /* SLMeFooterView.h */,
				92AF3A491E8BF7E500D6368A /* SLMeFooterView.m */,
				92AF3A561E8BFB7D00D6368A /* SLMeSquareButton.h */,
				92AF3A571E8BFB7D00D6368A /* SLMeSquareButton.m */,
				928315D01E8D0F4B003CB724 /* SLClearCacheCell.h */,
				928315D11E8D0F4B003CB724 /* SLClearCacheCell.m */,
			);
			path = View;
			sourceTree = "<group>";
		};
		924128581E84F4D400C5D419 /* View */ = {
			isa = PBXGroup;
			children = (
				924128591E84F4D400C5D419 /* SLTabBar.h */,
				9241285A1E84F4D400C5D419 /* SLTabBar.m */,
				929A35171E866179004CCA98 /* SLQuickLoginButton.h */,
				929A35181E866179004CCA98 /* SLQuickLoginButton.m */,
				92EB8EA41E87AE3100A2B585 /* SLLoginRegisterTextField.h */,
				92EB8EA51E87AE3100A2B585 /* SLLoginRegisterTextField.m */,
				92F3F86D1E8E1FCE0044FFE9 /* SLRefreshHeader.h */,
				92F3F86E1E8E1FCE0044FFE9 /* SLRefreshHeader.m */,
				92F3F8701E8E20FE0044FFE9 /* SLRefreshFooter.h */,
				92F3F8711E8E20FE0044FFE9 /* SLRefreshFooter.m */,
				92FBC2B91E93E0E0005F0BBB /* SLTopWindow.h */,
				92FBC2BA1E93E0E0005F0BBB /* SLTopWindow.m */,
			);
			path = View;
			sourceTree = "<group>";
		};
		92F5F9F51E84119900078085 /* Classes */ = {
			isa = PBXGroup;
			children = (
				92FD942E1E84027D00AFA363 /* AppDelegate.h */,
				92FD942F1E84027D00AFA363 /* AppDelegate.m */,
				924128431E84E58300C5D419 /* PrefixHeader.pch */,
				92AF3A451E8BF7B600D6368A /* GlobalConst.h */,
				92AF3A461E8BF7B600D6368A /* GlobalConst.m */,
				92F647431E8E5ED80021F3BD /* SLExtensionConfig.h */,
				92F647441E8E5ED80021F3BD /* SLExtensionConfig.m */,
				924128301E84E58300C5D419 /* Main */,
				924128281E84E58300C5D419 /* Essence-精华 */,
				924128381E84E58300C5D419 /* New-新帖 */,
				9241282C1E84E58300C5D419 /* Follow-关注 */,
				924128481E84E5AE00C5D419 /* Me-我 */,
				9241283C1E84E58300C5D419 /* Other */,
				9241283F1E84E58300C5D419 /* Tools */,
			);
			path = Classes;
			sourceTree = "<group>";
		};
		92FD941F1E84027D00AFA363 = {
			isa = PBXGroup;
			children = (
				92FD942A1E84027D00AFA363 /* 百思不得姐 */,
				92FD94441E84027D00AFA363 /* 百思不得姐Tests */,
				92FD944F1E84027D00AFA363 /* 百思不得姐UITests */,
				92FD94291E84027D00AFA363 /* Products */,
				9CDED912098217FD49D6DF69 /* Pods */,
				D536A03B276650FD339245DF /* Frameworks */,
			);
			sourceTree = "<group>";
		};
		92FD94291E84027D00AFA363 /* Products */ = {
			isa = PBXGroup;
			children = (
				92FD94281E84027D00AFA363 /* 百思不得姐.app */,
				92FD94411E84027D00AFA363 /* 百思不得姐Tests.xctest */,
				92FD944C1E84027D00AFA363 /* 百思不得姐UITests.xctest */,
			);
			name = Products;
			sourceTree = "<group>";
		};
		92FD942A1E84027D00AFA363 /* 百思不得姐 */ = {
			isa = PBXGroup;
			children = (
				92F5F9F51E84119900078085 /* Classes */,
				92FD942B1E84027D00AFA363 /* Supporting Files */,
			);
			path = "百思不得姐";
			sourceTree = "<group>";
		};
		92FD942B1E84027D00AFA363 /* Supporting Files */ = {
			isa = PBXGroup;
			children = (
				9223E3991E95EA4B00899A02 /* 启动图片 */,
				92FD94371E84027D00AFA363 /* Assets.xcassets */,
				92FD943C1E84027D00AFA363 /* Info.plist */,
				92FD942C1E84027D00AFA363 /* main.m */,
			);
			name = "Supporting Files";
			sourceTree = "<group>";
		};
		92FD94441E84027D00AFA363 /* 百思不得姐Tests */ = {
			isa = PBXGroup;
			children = (
				92FD94451E84027D00AFA363 /* _____Tests.m */,
				92FD94471E84027D00AFA363 /* Info.plist */,
			);
			path = "百思不得姐Tests";
			sourceTree = "<group>";
		};
		92FD944F1E84027D00AFA363 /* 百思不得姐UITests */ = {
			isa = PBXGroup;
			children = (
				92FD94501E84027D00AFA363 /* _____UITests.m */,
				92FD94521E84027D00AFA363 /* Info.plist */,
			);
			path = "百思不得姐UITests";
			sourceTree = "<group>";
		};
		9CDED912098217FD49D6DF69 /* Pods */ = {
			isa = PBXGroup;
			children = (
				A95F6E5E31BBFA5768EF81D8 /* Pods-百思不得姐.debug.xcconfig */,
				DEEA9A6F14972C864A8F9C33 /* Pods-百思不得姐.release.xcconfig */,
				470EBC3E64F671DE9C983556 /* Pods-百思不得姐Tests.debug.xcconfig */,
				EF2DFF3C1A71356E3953C398 /* Pods-百思不得姐Tests.release.xcconfig */,
				4B27298F31A9ABA260E1C495 /* Pods-百思不得姐UITests.debug.xcconfig */,
				A29852BFC1A35532DD7704A1 /* Pods-百思不得姐UITests.release.xcconfig */,
			);
			name = Pods;
			sourceTree = "<group>";
		};
		D536A03B276650FD339245DF /* Frameworks */ = {
			isa = PBXGroup;
			children = (
				C57885D07A160A230047B670 /* libPods-百思不得姐.a */,
				79745F7A405814BF24CC4A37 /* libPods-百思不得姐Tests.a */,
				B6EEBDAB45C163A0FCBA239F /* libPods-百思不得姐UITests.a */,
			);
			name = Frameworks;
			sourceTree = "<group>";
		};
/* End PBXGroup section */

/* Begin PBXNativeTarget section */
		92FD94271E84027D00AFA363 /* 百思不得姐 */ = {
			isa = PBXNativeTarget;
			buildConfigurationList = 92FD94551E84027D00AFA363 /* Build configuration list for PBXNativeTarget "百思不得姐" */;
			buildPhases = (
				D7C7EEA95F7A3D10ACA83053 /* [CP] Check Pods Manifest.lock */,
				92FD94241E84027D00AFA363 /* Sources */,
				92FD94251E84027D00AFA363 /* Frameworks */,
				92FD94261E84027D00AFA363 /* Resources */,
				CA6F8DCB9637DC930E84DCCA /* [CP] Embed Pods Frameworks */,
				1DC14B5D734E08EB879B833F /* [CP] Copy Pods Resources */,
			);
			buildRules = (
			);
			dependencies = (
			);
			name = "百思不得姐";
			productName = "百思不得姐";
			productReference = 92FD94281E84027D00AFA363 /* 百思不得姐.app */;
			productType = "com.apple.product-type.application";
		};
		92FD94401E84027D00AFA363 /* 百思不得姐Tests */ = {
			isa = PBXNativeTarget;
			buildConfigurationList = 92FD94581E84027D00AFA363 /* Build configuration list for PBXNativeTarget "百思不得姐Tests" */;
			buildPhases = (
				5D80EE86C4A0AF7BE9314068 /* [CP] Check Pods Manifest.lock */,
				92FD943D1E84027D00AFA363 /* Sources */,
				92FD943E1E84027D00AFA363 /* Frameworks */,
				92FD943F1E84027D00AFA363 /* Resources */,
				DB59D9C4E953259472611888 /* [CP] Embed Pods Frameworks */,
				ED85114EB07544999F6C3BDA /* [CP] Copy Pods Resources */,
			);
			buildRules = (
			);
			dependencies = (
				92FD94431E84027D00AFA363 /* PBXTargetDependency */,
			);
			name = "百思不得姐Tests";
			productName = "百思不得姐Tests";
			productReference = 92FD94411E84027D00AFA363 /* 百思不得姐Tests.xctest */;
			productType = "com.apple.product-type.bundle.unit-test";
		};
		92FD944B1E84027D00AFA363 /* 百思不得姐UITests */ = {
			isa = PBXNativeTarget;
			buildConfigurationList = 92FD945B1E84027D00AFA363 /* Build configuration list for PBXNativeTarget "百思不得姐UITests" */;
			buildPhases = (
				E0EE57AE14E8AB67EA8525D8 /* [CP] Check Pods Manifest.lock */,
				92FD94481E84027D00AFA363 /* Sources */,
				92FD94491E84027D00AFA363 /* Frameworks */,
				92FD944A1E84027D00AFA363 /* Resources */,
				3F46A545C4EE1607263C8A58 /* [CP] Copy Pods Resources */,
			);
			buildRules = (
			);
			dependencies = (
				92FD944E1E84027D00AFA363 /* PBXTargetDependency */,
			);
			name = "百思不得姐UITests";
			productName = "百思不得姐UITests";
			productReference = 92FD944C1E84027D00AFA363 /* 百思不得姐UITests.xctest */;
			productType = "com.apple.product-type.bundle.ui-testing";
		};
/* End PBXNativeTarget section */

/* Begin PBXProject section */
		92FD94201E84027D00AFA363 /* Project object */ = {
			isa = PBXProject;
			attributes = {
				CLASSPREFIX = SL;
				LastUpgradeCheck = 0730;
				ORGANIZATIONNAME = SLZeng;
				TargetAttributes = {
					92FD94271E84027D00AFA363 = {
						CreatedOnToolsVersion = 7.3.1;
					};
					92FD94401E84027D00AFA363 = {
						CreatedOnToolsVersion = 7.3.1;
						TestTargetID = 92FD94271E84027D00AFA363;
					};
					92FD944B1E84027D00AFA363 = {
						CreatedOnToolsVersion = 7.3.1;
						TestTargetID = 92FD94271E84027D00AFA363;
					};
				};
			};
			buildConfigurationList = 92FD94231E84027D00AFA363 /* Build configuration list for PBXProject "百思不得姐" */;
			compatibilityVersion = "Xcode 3.2";
			developmentRegion = English;
			hasScannedForEncodings = 0;
			knownRegions = (
				en,
				Base,
			);
			mainGroup = 92FD941F1E84027D00AFA363;
			productRefGroup = 92FD94291E84027D00AFA363 /* Products */;
			projectDirPath = "";
			projectRoot = "";
			targets = (
				92FD94271E84027D00AFA363 /* 百思不得姐 */,
				92FD94401E84027D00AFA363 /* 百思不得姐Tests */,
				92FD944B1E84027D00AFA363 /* 百思不得姐UITests */,
			);
		};
/* End PBXProject section */

/* Begin PBXResourcesBuildPhase section */
		92FD94261E84027D00AFA363 /* Resources */ = {
			isa = PBXResourcesBuildPhase;
			buildActionMask = 2147483647;
			files = (
				92508D861E90E2350077D49A /* SLCommentCell.xib in Resources */,
				92AF3A5D1E8BFC0500D6368A /* SLWebViewController.xib in Resources */,
				9223E3A11E95EA4B00899A02 /* LaunchImage-568h@2x.png in Resources */,
				9237B8E11E8F304300D34801 /* SLSeeBigViewController.xib in Resources */,
				929A35161E865E17004CCA98 /* SLLoginRegisterViewController.xib in Resources */,
				9223E3A31E95EA4B00899A02 /* LaunchImage-700@2x.png in Resources */,
				92F647501E8E7CA10021F3BD /* SLTopicPictureView.xib in Resources */,
				92F647391E8E44190021F3BD /* SLTopicCell.xib in Resources */,
				92F6475A1E8E843C0021F3BD /* SLTopicVoiceView.xib in Resources */,
				9223E3A71E95EA4B00899A02 /* LaunchImage@2x.png in Resources */,
				929A35111E865D87004CCA98 /* SLFollowViewController.xib in Resources */,
				9223E3A51E95EA4B00899A02 /* LaunchImage-800-Portrait-736h@3x.png in Resources */,
				9223E3981E95E95D00899A02 /* SLADViewController.xib in Resources */,
				92FD94381E84027D00AFA363 /* Assets.xcassets in Resources */,
				9223E3A21E95EA4B00899A02 /* LaunchImage-700-568h@2x.png in Resources */,
				9237B90D1E8F5DAD00D34801 /* SLCommentViewController.xib in Resources */,
				9237B9021E8F4F2900D34801 /* SLRecommendTagCell.xib in Resources */,
				9223E3A61E95EA4B00899A02 /* LaunchImage.png in Resources */,
				9223E3A41E95EA4B00899A02 /* LaunchImage-800-667h@2x.png in Resources */,
				92F647551E8E84000021F3BD /* SLTopicVideoView.xib in Resources */,
			);
			runOnlyForDeploymentPostprocessing = 0;
		};
		92FD943F1E84027D00AFA363 /* Resources */ = {
			isa = PBXResourcesBuildPhase;
			buildActionMask = 2147483647;
			files = (
			);
			runOnlyForDeploymentPostprocessing = 0;
		};
		92FD944A1E84027D00AFA363 /* Resources */ = {
			isa = PBXResourcesBuildPhase;
			buildActionMask = 2147483647;
			files = (
			);
			runOnlyForDeploymentPostprocessing = 0;
		};
/* End PBXResourcesBuildPhase section */

/* Begin PBXShellScriptBuildPhase section */
		1DC14B5D734E08EB879B833F /* [CP] Copy Pods Resources */ = {
			isa = PBXShellScriptBuildPhase;
			buildActionMask = 2147483647;
			files = (
			);
			inputPaths = (
			);
			name = "[CP] Copy Pods Resources";
			outputPaths = (
			);
			runOnlyForDeploymentPostprocessing = 0;
			shellPath = /bin/sh;
			shellScript = "\"${SRCROOT}/Pods/Target Support Files/Pods-百思不得姐/Pods-百思不得姐-resources.sh\"\n";
			showEnvVarsInLog = 0;
		};
		3F46A545C4EE1607263C8A58 /* [CP] Copy Pods Resources */ = {
			isa = PBXShellScriptBuildPhase;
			buildActionMask = 2147483647;
			files = (
			);
			inputPaths = (
			);
			name = "[CP] Copy Pods Resources";
			outputPaths = (
			);
			runOnlyForDeploymentPostprocessing = 0;
			shellPath = /bin/sh;
			shellScript = "\"${SRCROOT}/Pods/Target Support Files/Pods-百思不得姐UITests/Pods-百思不得姐UITests-resources.sh\"\n";
			showEnvVarsInLog = 0;
		};
		5D80EE86C4A0AF7BE9314068 /* [CP] Check Pods Manifest.lock */ = {
			isa = PBXShellScriptBuildPhase;
			buildActionMask = 2147483647;
			files = (
			);
			inputPaths = (
			);
			name = "[CP] Check Pods Manifest.lock";
			outputPaths = (
			);
			runOnlyForDeploymentPostprocessing = 0;
			shellPath = /bin/sh;
			shellScript = "diff \"${PODS_ROOT}/../Podfile.lock\" \"${PODS_ROOT}/Manifest.lock\" > /dev/null\nif [[ $? != 0 ]] ; then\n    cat << EOM\nerror: The sandbox is not in sync with the Podfile.lock. Run 'pod install' or update your CocoaPods installation.\nEOM\n    exit 1\nfi\n";
			showEnvVarsInLog = 0;
		};
		CA6F8DCB9637DC930E84DCCA /* [CP] Embed Pods Frameworks */ = {
			isa = PBXShellScriptBuildPhase;
			buildActionMask = 2147483647;
			files = (
			);
			inputPaths = (
			);
			name = "[CP] Embed Pods Frameworks";
			outputPaths = (
			);
			runOnlyForDeploymentPostprocessing = 0;
			shellPath = /bin/sh;
			shellScript = "\"${SRCROOT}/Pods/Target Support Files/Pods-百思不得姐/Pods-百思不得姐-frameworks.sh\"\n";
			showEnvVarsInLog = 0;
		};
		D7C7EEA95F7A3D10ACA83053 /* [CP] Check Pods Manifest.lock */ = {
			isa = PBXShellScriptBuildPhase;
			buildActionMask = 2147483647;
			files = (
			);
			inputPaths = (
			);
			name = "[CP] Check Pods Manifest.lock";
			outputPaths = (
			);
			runOnlyForDeploymentPostprocessing = 0;
			shellPath = /bin/sh;
			shellScript = "diff \"${PODS_ROOT}/../Podfile.lock\" \"${PODS_ROOT}/Manifest.lock\" > /dev/null\nif [[ $? != 0 ]] ; then\n    cat << EOM\nerror: The sandbox is not in sync with the Podfile.lock. Run 'pod install' or update your CocoaPods installation.\nEOM\n    exit 1\nfi\n";
			showEnvVarsInLog = 0;
		};
		DB59D9C4E953259472611888 /* [CP] Embed Pods Frameworks */ = {
			isa = PBXShellScriptBuildPhase;
			buildActionMask = 2147483647;
			files = (
			);
			inputPaths = (
			);
			name = "[CP] Embed Pods Frameworks";
			outputPaths = (
			);
			runOnlyForDeploymentPostprocessing = 0;
			shellPath = /bin/sh;
			shellScript = "\"${SRCROOT}/Pods/Target Support Files/Pods-百思不得姐Tests/Pods-百思不得姐Tests-frameworks.sh\"\n";
			showEnvVarsInLog = 0;
		};
		E0EE57AE14E8AB67EA8525D8 /* [CP] Check Pods Manifest.lock */ = {
			isa = PBXShellScriptBuildPhase;
			buildActionMask = 2147483647;
			files = (
			);
			inputPaths = (
			);
			name = "[CP] Check Pods Manifest.lock";
			outputPaths = (
			);
			runOnlyForDeploymentPostprocessing = 0;
			shellPath = /bin/sh;
			shellScript = "diff \"${PODS_ROOT}/../Podfile.lock\" \"${PODS_ROOT}/Manifest.lock\" > /dev/null\nif [[ $? != 0 ]] ; then\n    cat << EOM\nerror: The sandbox is not in sync with the Podfile.lock. Run 'pod install' or update your CocoaPods installation.\nEOM\n    exit 1\nfi\n";
			showEnvVarsInLog = 0;
		};
		ED85114EB07544999F6C3BDA /* [CP] Copy Pods Resources */ = {
			isa = PBXShellScriptBuildPhase;
			buildActionMask = 2147483647;
			files = (
			);
			inputPaths = (
			);
			name = "[CP] Copy Pods Resources";
			outputPaths = (
			);
			runOnlyForDeploymentPostprocessing = 0;
			shellPath = /bin/sh;
			shellScript = "\"${SRCROOT}/Pods/Target Support Files/Pods-百思不得姐Tests/Pods-百思不得姐Tests-resources.sh\"\n";
			showEnvVarsInLog = 0;
		};
/* End PBXShellScriptBuildPhase section */

/* Begin PBXSourcesBuildPhase section */
		92FD94241E84027D00AFA363 /* Sources */ = {
			isa = PBXSourcesBuildPhase;
			buildActionMask = 2147483647;
			files = (
				92AEA85C1E8503F7001E6159 /* SLSettingViewController.m in Sources */,
				92F6474B1E8E5F590021F3BD /* SLUser.m in Sources */,
				92AF3A5C1E8BFC0500D6368A /* SLWebViewController.m in Sources */,
				928316131E8D508F003CB724 /* SLWordViewController.m in Sources */,
				928315CF1E8D0270003CB724 /* SLFileTool.m in Sources */,
				92F647531E8E839D0021F3BD /* SLTopicVideoView.m in Sources */,
				92508D851E90E2350077D49A /* SLCommentCell.m in Sources */,
				92AEA85F1E850567001E6159 /* SLNavigationController.m in Sources */,
				924128541E84F37B00C5D419 /* SLMeViewController.m in Sources */,
				92F3F86F1E8E1FCE0044FFE9 /* SLRefreshHeader.m in Sources */,
				92F6473F1E8E59FC0021F3BD /* NSCalendar+SLCurrentCalendar.m in Sources */,
				92FD94301E84027D00AFA363 /* AppDelegate.m in Sources */,
				928316121E8D508F003CB724 /* SLVoiceViewController.m in Sources */,
				924128441E84E58300C5D419 /* SLTabBarController.m in Sources */,
				9223E3AA1E95F1BE00899A02 /* SLADItem.m in Sources */,
				92508D891E90E25F0077D49A /* SLCommentSectionHeader.m in Sources */,
				929A35191E866179004CCA98 /* SLQuickLoginButton.m in Sources */,
				924128471E84E58300C5D419 /* UIView+SLExtension.m in Sources */,
				921E8D5B1E98D5020046421E /* SLNetworkTools.m in Sources */,
				929A35151E865E17004CCA98 /* SLLoginRegisterViewController.m in Sources */,
				924128511E84F30400C5D419 /* SLFollowViewController.m in Sources */,
				928315D51E8D4743003CB724 /* SLTitleButton.m in Sources */,
				92F647451E8E5ED80021F3BD /* SLExtensionConfig.m in Sources */,
				9237B90C1E8F5DAD00D34801 /* SLCommentViewController.m in Sources */,
				92AF3A4A1E8BF7E500D6368A /* SLMeFooterView.m in Sources */,
				9237B8F21E8F481D00D34801 /* UIImageView+SLCircleImage.m in Sources */,
				92AF3A471E8BF7B600D6368A /* GlobalConst.m in Sources */,
				92F3F86C1E8E1F4D0044FFE9 /* SLTopic.m in Sources */,
				92AEA8531E850247001E6159 /* UIBarButtonItem+SLExtension.m in Sources */,
				92F6475D1E8E89E00021F3BD /* SLTopicViewController.m in Sources */,
				9223E3971E95E95D00899A02 /* SLADViewController.m in Sources */,
				9237B9081E8F509E00D34801 /* SLRecommendTagViewController.m in Sources */,
				9237B9051E8F509500D34801 /* SLRecommendTag.m in Sources */,
				92F647581E8E84280021F3BD /* SLTopicVoiceView.m in Sources */,
				92AEA8561E8502B3001E6159 /* SLBaseViewController.m in Sources */,
				92AF3A4D1E8BF81E00D6368A /* SLMeSquare.m in Sources */,
				928315D21E8D0F4B003CB724 /* SLClearCacheCell.m in Sources */,
				92FBC2BB1E93E0E0005F0BBB /* SLTopWindow.m in Sources */,
				9241284E1E84F2A700C5D419 /* SLEssenceViewController.m in Sources */,
				92AEA8591E850360001E6159 /* SLRecommendFollowViewController.m in Sources */,
				9283160F1E8D508F003CB724 /* SLAllViewController.m in Sources */,
				924128461E84E58300C5D419 /* SLTestViewController.m in Sources */,
				928316111E8D508F003CB724 /* SLVideoViewController.m in Sources */,
				928316101E8D508F003CB724 /* SLPictureViewController.m in Sources */,
				9237B8F11E8F481D00D34801 /* UIImage+SLCircleImage.m in Sources */,
				9237B8E01E8F304300D34801 /* SLSeeBigViewController.m in Sources */,
				92F6474E1E8E7C910021F3BD /* SLTopicPictureView.m in Sources */,
				9237B9011E8F4F2900D34801 /* SLRecommendTagCell.m in Sources */,
				924128571E84F3E200C5D419 /* SLNewViewController.m in Sources */,
				92EB8EA61E87AE3100A2B585 /* SLLoginRegisterTextField.m in Sources */,
				92F647381E8E44190021F3BD /* SLTopicCell.m in Sources */,
				92AF3A581E8BFB7D00D6368A /* SLMeSquareButton.m in Sources */,
				92F647481E8E5F450021F3BD /* SLComment.m in Sources */,
				924CA9411E88FA17006DACBA /* UITextField+SLExtension.m in Sources */,
				9241285B1E84F4D400C5D419 /* SLTabBar.m in Sources */,
				92F3F8721E8E20FE0044FFE9 /* SLRefreshFooter.m in Sources */,
				92AF3A441E8BF78B00D6368A /* SLMeCell.m in Sources */,
				92FD942D1E84027D00AFA363 /* main.m in Sources */,
				92F647421E8E5A800021F3BD /* NSDate+SLExtension.m in Sources */,
			);
			runOnlyForDeploymentPostprocessing = 0;
		};
		92FD943D1E84027D00AFA363 /* Sources */ = {
			isa = PBXSourcesBuildPhase;
			buildActionMask = 2147483647;
			files = (
				92FD94461E84027D00AFA363 /* _____Tests.m in Sources */,
			);
			runOnlyForDeploymentPostprocessing = 0;
		};
		92FD94481E84027D00AFA363 /* Sources */ = {
			isa = PBXSourcesBuildPhase;
			buildActionMask = 2147483647;
			files = (
				92FD94511E84027D00AFA363 /* _____UITests.m in Sources */,
			);
			runOnlyForDeploymentPostprocessing = 0;
		};
/* End PBXSourcesBuildPhase section */

/* Begin PBXTargetDependency section */
		92FD94431E84027D00AFA363 /* PBXTargetDependency */ = {
			isa = PBXTargetDependency;
			target = 92FD94271E84027D00AFA363 /* 百思不得姐 */;
			targetProxy = 92FD94421E84027D00AFA363 /* PBXContainerItemProxy */;
		};
		92FD944E1E84027D00AFA363 /* PBXTargetDependency */ = {
			isa = PBXTargetDependency;
			target = 92FD94271E84027D00AFA363 /* 百思不得姐 */;
			targetProxy = 92FD944D1E84027D00AFA363 /* PBXContainerItemProxy */;
		};
/* End PBXTargetDependency section */

/* Begin XCBuildConfiguration section */
		92FD94531E84027D00AFA363 /* Debug */ = {
			isa = XCBuildConfiguration;
			buildSettings = {
				ALWAYS_SEARCH_USER_PATHS = NO;
				CLANG_ANALYZER_NONNULL = YES;
				CLANG_CXX_LANGUAGE_STANDARD = "gnu++0x";
				CLANG_CXX_LIBRARY = "libc++";
				CLANG_ENABLE_MODULES = YES;
				CLANG_ENABLE_OBJC_ARC = YES;
				CLANG_WARN_BOOL_CONVERSION = YES;
				CLANG_WARN_CONSTANT_CONVERSION = YES;
				CLANG_WARN_DIRECT_OBJC_ISA_USAGE = YES_ERROR;
				CLANG_WARN_EMPTY_BODY = YES;
				CLANG_WARN_ENUM_CONVERSION = YES;
				CLANG_WARN_INT_CONVERSION = YES;
				CLANG_WARN_OBJC_ROOT_CLASS = YES_ERROR;
				CLANG_WARN_UNREACHABLE_CODE = YES;
				CLANG_WARN__DUPLICATE_METHOD_MATCH = YES;
				"CODE_SIGN_IDENTITY[sdk=iphoneos*]" = "iPhone Developer";
				COPY_PHASE_STRIP = NO;
				DEBUG_INFORMATION_FORMAT = dwarf;
				ENABLE_STRICT_OBJC_MSGSEND = YES;
				ENABLE_TESTABILITY = YES;
				GCC_C_LANGUAGE_STANDARD = gnu99;
				GCC_DYNAMIC_NO_PIC = NO;
				GCC_NO_COMMON_BLOCKS = YES;
				GCC_OPTIMIZATION_LEVEL = 0;
				GCC_PRECOMPILE_PREFIX_HEADER = NO;
				GCC_PREPROCESSOR_DEFINITIONS = (
					"DEBUG=1",
					"$(inherited)",
				);
				GCC_WARN_64_TO_32_BIT_CONVERSION = YES;
				GCC_WARN_ABOUT_RETURN_TYPE = YES_ERROR;
				GCC_WARN_UNDECLARED_SELECTOR = YES;
				GCC_WARN_UNINITIALIZED_AUTOS = YES_AGGRESSIVE;
				GCC_WARN_UNUSED_FUNCTION = YES;
				GCC_WARN_UNUSED_VARIABLE = YES;
				IPHONEOS_DEPLOYMENT_TARGET = 9.3;
				MTL_ENABLE_DEBUG_INFO = YES;
				ONLY_ACTIVE_ARCH = YES;
				SDKROOT = iphoneos;
			};
			name = Debug;
		};
		92FD94541E84027D00AFA363 /* Release */ = {
			isa = XCBuildConfiguration;
			buildSettings = {
				ALWAYS_SEARCH_USER_PATHS = NO;
				CLANG_ANALYZER_NONNULL = YES;
				CLANG_CXX_LANGUAGE_STANDARD = "gnu++0x";
				CLANG_CXX_LIBRARY = "libc++";
				CLANG_ENABLE_MODULES = YES;
				CLANG_ENABLE_OBJC_ARC = YES;
				CLANG_WARN_BOOL_CONVERSION = YES;
				CLANG_WARN_CONSTANT_CONVERSION = YES;
				CLANG_WARN_DIRECT_OBJC_ISA_USAGE = YES_ERROR;
				CLANG_WARN_EMPTY_BODY = YES;
				CLANG_WARN_ENUM_CONVERSION = YES;
				CLANG_WARN_INT_CONVERSION = YES;
				CLANG_WARN_OBJC_ROOT_CLASS = YES_ERROR;
				CLANG_WARN_UNREACHABLE_CODE = YES;
				CLANG_WARN__DUPLICATE_METHOD_MATCH = YES;
				"CODE_SIGN_IDENTITY[sdk=iphoneos*]" = "iPhone Developer";
				COPY_PHASE_STRIP = NO;
				DEBUG_INFORMATION_FORMAT = "dwarf-with-dsym";
				ENABLE_NS_ASSERTIONS = NO;
				ENABLE_STRICT_OBJC_MSGSEND = YES;
				GCC_C_LANGUAGE_STANDARD = gnu99;
				GCC_NO_COMMON_BLOCKS = YES;
				GCC_PRECOMPILE_PREFIX_HEADER = NO;
				GCC_WARN_64_TO_32_BIT_CONVERSION = YES;
				GCC_WARN_ABOUT_RETURN_TYPE = YES_ERROR;
				GCC_WARN_UNDECLARED_SELECTOR = YES;
				GCC_WARN_UNINITIALIZED_AUTOS = YES_AGGRESSIVE;
				GCC_WARN_UNUSED_FUNCTION = YES;
				GCC_WARN_UNUSED_VARIABLE = YES;
				IPHONEOS_DEPLOYMENT_TARGET = 9.3;
				MTL_ENABLE_DEBUG_INFO = NO;
				SDKROOT = iphoneos;
				VALIDATE_PRODUCT = YES;
			};
			name = Release;
		};
		92FD94561E84027D00AFA363 /* Debug */ = {
			isa = XCBuildConfiguration;
			baseConfigurationReference = A95F6E5E31BBFA5768EF81D8 /* Pods-百思不得姐.debug.xcconfig */;
			buildSettings = {
				ASSETCATALOG_COMPILER_APPICON_NAME = AppIcon;
				ASSETCATALOG_COMPILER_LAUNCHIMAGE_NAME = "Brand Assets";
				GCC_PRECOMPILE_PREFIX_HEADER = YES;
				GCC_PREFIX_HEADER = "百思不得姐/Classes/PrefixHeader.pch";
				INFOPLIST_FILE = "百思不得姐/Info.plist";
				LD_RUNPATH_SEARCH_PATHS = "$(inherited) @executable_path/Frameworks";
				PRODUCT_BUNDLE_IDENTIFIER = "CoderSLZeng.com.github.-----";
				PRODUCT_NAME = "$(TARGET_NAME)";
			};
			name = Debug;
		};
		92FD94571E84027D00AFA363 /* Release */ = {
			isa = XCBuildConfiguration;
			baseConfigurationReference = DEEA9A6F14972C864A8F9C33 /* Pods-百思不得姐.release.xcconfig */;
			buildSettings = {
				ASSETCATALOG_COMPILER_APPICON_NAME = AppIcon;
				ASSETCATALOG_COMPILER_LAUNCHIMAGE_NAME = "Brand Assets";
				GCC_PRECOMPILE_PREFIX_HEADER = YES;
				GCC_PREFIX_HEADER = "百思不得姐/Classes/PrefixHeader.pch";
				INFOPLIST_FILE = "百思不得姐/Info.plist";
				LD_RUNPATH_SEARCH_PATHS = "$(inherited) @executable_path/Frameworks";
				PRODUCT_BUNDLE_IDENTIFIER = "CoderSLZeng.com.github.-----";
				PRODUCT_NAME = "$(TARGET_NAME)";
			};
			name = Release;
		};
		92FD94591E84027D00AFA363 /* Debug */ = {
			isa = XCBuildConfiguration;
			baseConfigurationReference = 470EBC3E64F671DE9C983556 /* Pods-百思不得姐Tests.debug.xcconfig */;
			buildSettings = {
				BUNDLE_LOADER = "$(TEST_HOST)";
				INFOPLIST_FILE = "百思不得姐Tests/Info.plist";
				LD_RUNPATH_SEARCH_PATHS = "$(inherited) @executable_path/Frameworks @loader_path/Frameworks";
				PRODUCT_BUNDLE_IDENTIFIER = "CoderSLZeng.com.github.-----Tests";
				PRODUCT_NAME = "$(TARGET_NAME)";
				TEST_HOST = "$(BUILT_PRODUCTS_DIR)/百思不得姐.app/百思不得姐";
			};
			name = Debug;
		};
		92FD945A1E84027D00AFA363 /* Release */ = {
			isa = XCBuildConfiguration;
			baseConfigurationReference = EF2DFF3C1A71356E3953C398 /* Pods-百思不得姐Tests.release.xcconfig */;
			buildSettings = {
				BUNDLE_LOADER = "$(TEST_HOST)";
				INFOPLIST_FILE = "百思不得姐Tests/Info.plist";
				LD_RUNPATH_SEARCH_PATHS = "$(inherited) @executable_path/Frameworks @loader_path/Frameworks";
				PRODUCT_BUNDLE_IDENTIFIER = "CoderSLZeng.com.github.-----Tests";
				PRODUCT_NAME = "$(TARGET_NAME)";
				TEST_HOST = "$(BUILT_PRODUCTS_DIR)/百思不得姐.app/百思不得姐";
			};
			name = Release;
		};
		92FD945C1E84027D00AFA363 /* Debug */ = {
			isa = XCBuildConfiguration;
			baseConfigurationReference = 4B27298F31A9ABA260E1C495 /* Pods-百思不得姐UITests.debug.xcconfig */;
			buildSettings = {
				INFOPLIST_FILE = "百思不得姐UITests/Info.plist";
				LD_RUNPATH_SEARCH_PATHS = "$(inherited) @executable_path/Frameworks @loader_path/Frameworks";
				PRODUCT_BUNDLE_IDENTIFIER = "CoderSLZeng.com.github.-----UITests";
				PRODUCT_NAME = "$(TARGET_NAME)";
				TEST_TARGET_NAME = "百思不得姐";
			};
			name = Debug;
		};
		92FD945D1E84027D00AFA363 /* Release */ = {
			isa = XCBuildConfiguration;
			baseConfigurationReference = A29852BFC1A35532DD7704A1 /* Pods-百思不得姐UITests.release.xcconfig */;
			buildSettings = {
				INFOPLIST_FILE = "百思不得姐UITests/Info.plist";
				LD_RUNPATH_SEARCH_PATHS = "$(inherited) @executable_path/Frameworks @loader_path/Frameworks";
				PRODUCT_BUNDLE_IDENTIFIER = "CoderSLZeng.com.github.-----UITests";
				PRODUCT_NAME = "$(TARGET_NAME)";
				TEST_TARGET_NAME = "百思不得姐";
			};
			name = Release;
		};
/* End XCBuildConfiguration section */

/* Begin XCConfigurationList section */
		92FD94231E84027D00AFA363 /* Build configuration list for PBXProject "百思不得姐" */ = {
			isa = XCConfigurationList;
			buildConfigurations = (
				92FD94531E84027D00AFA363 /* Debug */,
				92FD94541E84027D00AFA363 /* Release */,
			);
			defaultConfigurationIsVisible = 0;
			defaultConfigurationName = Release;
		};
		92FD94551E84027D00AFA363 /* Build configuration list for PBXNativeTarget "百思不得姐" */ = {
			isa = XCConfigurationList;
			buildConfigurations = (
				92FD94561E84027D00AFA363 /* Debug */,
				92FD94571E84027D00AFA363 /* Release */,
			);
			defaultConfigurationIsVisible = 0;
			defaultConfigurationName = Release;
		};
		92FD94581E84027D00AFA363 /* Build configuration list for PBXNativeTarget "百思不得姐Tests" */ = {
			isa = XCConfigurationList;
			buildConfigurations = (
				92FD94591E84027D00AFA363 /* Debug */,
				92FD945A1E84027D00AFA363 /* Release */,
			);
			defaultConfigurationIsVisible = 0;
			defaultConfigurationName = Release;
		};
		92FD945B1E84027D00AFA363 /* Build configuration list for PBXNativeTarget "百思不得姐UITests" */ = {
			isa = XCConfigurationList;
			buildConfigurations = (
				92FD945C1E84027D00AFA363 /* Debug */,
				92FD945D1E84027D00AFA363 /* Release */,
			);
			defaultConfigurationIsVisible = 0;
			defaultConfigurationName = Release;
		};
/* End XCConfigurationList section */
	};
	rootObject = 92FD94201E84027D00AFA363 /* Project object */;
}
